// !$*UTF8*$!
{
	archiveVersion = 1;
	classes = {
	};
	objectVersion = 46;
	objects = {

/* Begin PBXBuildFile section */
		1710B6301D3F80F800507C50 /* UINavigationController+iOSAutorotation.m in Sources */ = {isa = PBXBuildFile; fileRef = 1710B62F1D3F80F800507C50 /* UINavigationController+iOSAutorotation.m */; };
		1710B69A1D40C75D00507C50 /* Map2DViewController.m in Sources */ = {isa = PBXBuildFile; fileRef = 1710B6991D40C75D00507C50 /* Map2DViewController.m */; };
		1710B69C1D40C9E700507C50 /* GoogleMaps.framework in Frameworks */ = {isa = PBXBuildFile; fileRef = 1710B69B1D40C9E700507C50 /* GoogleMaps.framework */; };
		1710B6A01D40CACE00507C50 /* AVFoundation.framework in Frameworks */ = {isa = PBXBuildFile; fileRef = 1710B69F1D40CACE00507C50 /* AVFoundation.framework */; };
		1710B6A21D40CAD800507C50 /* CoreData.framework in Frameworks */ = {isa = PBXBuildFile; fileRef = 1710B6A11D40CAD800507C50 /* CoreData.framework */; };
		1710B6A41D40CAE200507C50 /* CoreLocation.framework in Frameworks */ = {isa = PBXBuildFile; fileRef = 1710B6A31D40CAE200507C50 /* CoreLocation.framework */; };
		1710B6A61D40CAEB00507C50 /* CoreText.framework in Frameworks */ = {isa = PBXBuildFile; fileRef = 1710B6A51D40CAEB00507C50 /* CoreText.framework */; };
		1710B6A81D40CAF500507C50 /* GLKit.framework in Frameworks */ = {isa = PBXBuildFile; fileRef = 1710B6A71D40CAF500507C50 /* GLKit.framework */; };
		1710B6AA1D40CAFF00507C50 /* ImageIO.framework in Frameworks */ = {isa = PBXBuildFile; fileRef = 1710B6A91D40CAFF00507C50 /* ImageIO.framework */; };
		1710B6AC1D40CB2100507C50 /* libc++.tbd in Frameworks */ = {isa = PBXBuildFile; fileRef = 1710B6AB1D40CB2100507C50 /* libc++.tbd */; };
		1710B6AE1D40CB3400507C50 /* libicucore.tbd in Frameworks */ = {isa = PBXBuildFile; fileRef = 1710B6AD1D40CB3400507C50 /* libicucore.tbd */; };
		1710B6B01D40CB4300507C50 /* libz.tbd in Frameworks */ = {isa = PBXBuildFile; fileRef = 1710B6AF1D40CB4300507C50 /* libz.tbd */; };
		1710B6B21D40CB5700507C50 /* SystemConfiguration.framework in Frameworks */ = {isa = PBXBuildFile; fileRef = 1710B6B11D40CB5700507C50 /* SystemConfiguration.framework */; };
		1710B6B51D40CEAA00507C50 /* TopToolbarView.m in Sources */ = {isa = PBXBuildFile; fileRef = 1710B6B41D40CEAA00507C50 /* TopToolbarView.m */; };
		1710B6BB1D40CF1400507C50 /* GoogleMap2DView.m in Sources */ = {isa = PBXBuildFile; fileRef = 1710B6BA1D40CF1400507C50 /* GoogleMap2DView.m */; };
		1710B6BE1D40CF8400507C50 /* Height2DView.m in Sources */ = {isa = PBXBuildFile; fileRef = 1710B6BD1D40CF8400507C50 /* Height2DView.m */; };
		17289BF61D337928007C93CE /* CC3Foundation.m in Sources */ = {isa = PBXBuildFile; fileRef = 17289BED1D337928007C93CE /* CC3Foundation.m */; settings = {COMPILER_FLAGS = "-fno-objc-arc"; }; };
		17289BF71D337928007C93CE /* CC3GLMatrix.m in Sources */ = {isa = PBXBuildFile; fileRef = 17289BEF1D337928007C93CE /* CC3GLMatrix.m */; settings = {COMPILER_FLAGS = "-fno-objc-arc"; }; };
		17289BF81D337928007C93CE /* CC3Kazmath.c in Sources */ = {isa = PBXBuildFile; fileRef = 17289BF01D337928007C93CE /* CC3Kazmath.c */; settings = {COMPILER_FLAGS = "-fno-objc-arc"; }; };
		17289BF91D337928007C93CE /* CC3Math.m in Sources */ = {isa = PBXBuildFile; fileRef = 17289BF41D337928007C93CE /* CC3Math.m */; settings = {COMPILER_FLAGS = "-fno-objc-arc"; }; };
		17289BFD1D3379A7007C93CE /* UIColor+CC3.m in Sources */ = {isa = PBXBuildFile; fileRef = 17289BFC1D3379A7007C93CE /* UIColor+CC3.m */; };
		17289BFF1D337B5D007C93CE /* OpenGLES.framework in Frameworks */ = {isa = PBXBuildFile; fileRef = 17289BFE1D337B5D007C93CE /* OpenGLES.framework */; };
		178F77251D34D3BB00596B38 /* UIKit.framework in Frameworks */ = {isa = PBXBuildFile; fileRef = 17C151851D3394730084CF31 /* UIKit.framework */; };
		178F77261D34D3CD00596B38 /* CoreGraphics.framework in Frameworks */ = {isa = PBXBuildFile; fileRef = 178F77231D34D34100596B38 /* CoreGraphics.framework */; };
		178F77271D34D3E400596B38 /* Foundation.framework in Frameworks */ = {isa = PBXBuildFile; fileRef = 178F77211D34D33500596B38 /* Foundation.framework */; };
		17C151781D33878E0084CF31 /* OpenGLViewController.m in Sources */ = {isa = PBXBuildFile; fileRef = 17C151771D33878E0084CF31 /* OpenGLViewController.m */; };
		17C1517C1D3391950084CF31 /* SimpleVertex.glsl in Resources */ = {isa = PBXBuildFile; fileRef = 17C1517A1D3391950084CF31 /* SimpleVertex.glsl */; };
		17C151841D33943C0084CF31 /* QuartzCore.framework in Frameworks */ = {isa = PBXBuildFile; fileRef = 17C151831D33943C0084CF31 /* QuartzCore.framework */; };
		17C151891D339ECF0084CF31 /* OpenGLMapSquareView.m in Sources */ = {isa = PBXBuildFile; fileRef = 17C151881D339ECF0084CF31 /* OpenGLMapSquareView.m */; };
		17D627EA1D41CC67008BD5EE /* GoogleMaps.bundle in Resources */ = {isa = PBXBuildFile; fileRef = 17D627E91D41CC67008BD5EE /* GoogleMaps.bundle */; };
		17D932361D34D56600EA323B /* OpenGLView.m in Sources */ = {isa = PBXBuildFile; fileRef = 17D932351D34D56600EA323B /* OpenGLView.m */; };
		17D9326C1D379C5100EA323B /* compass_.png in Resources */ = {isa = PBXBuildFile; fileRef = 17D932611D379C5100EA323B /* compass_.png */; };
		17D9326D1D379C5100EA323B /* compass.png in Resources */ = {isa = PBXBuildFile; fileRef = 17D932621D379C5100EA323B /* compass.png */; };
		17D9326E1D379C5100EA323B /* map_marker_icon.png in Resources */ = {isa = PBXBuildFile; fileRef = 17D932631D379C5100EA323B /* map_marker_icon.png */; };
		17D932711D379C5100EA323B /* compass_bottom.png in Resources */ = {isa = PBXBuildFile; fileRef = 17D932661D379C5100EA323B /* compass_bottom.png */; };
		17D932721D379C5100EA323B /* compass_left.png in Resources */ = {isa = PBXBuildFile; fileRef = 17D932671D379C5100EA323B /* compass_left.png */; };
		17D932731D379C5100EA323B /* compass_right.png in Resources */ = {isa = PBXBuildFile; fileRef = 17D932681D379C5100EA323B /* compass_right.png */; };
		17D932741D379C5100EA323B /* compass_top.png in Resources */ = {isa = PBXBuildFile; fileRef = 17D932691D379C5100EA323B /* compass_top.png */; };
		17D932751D379C5100EA323B /* rotate.png in Resources */ = {isa = PBXBuildFile; fileRef = 17D9326A1D379C5100EA323B /* rotate.png */; };
		17D932761D379C5100EA323B /* staticmap.png in Resources */ = {isa = PBXBuildFile; fileRef = 17D9326B1D379C5100EA323B /* staticmap.png */; };
		17D932791D37A07F00EA323B /* staticmap1.png in Resources */ = {isa = PBXBuildFile; fileRef = 17D932771D37A07F00EA323B /* staticmap1.png */; };
		17D9327A1D37A07F00EA323B /* staticmap2.png in Resources */ = {isa = PBXBuildFile; fileRef = 17D932781D37A07F00EA323B /* staticmap2.png */; };
		17D9327C1D37A1C600EA323B /* tile_floor.png in Resources */ = {isa = PBXBuildFile; fileRef = 17D9327B1D37A1C600EA323B /* tile_floor.png */; };
		17D932B11D3CEB2800EA323B /* RouteFragment.glsl in Resources */ = {isa = PBXBuildFile; fileRef = 17D932AF1D3CEB2800EA323B /* RouteFragment.glsl */; };
		17D932B21D3CEB2800EA323B /* MapFragment.glsl in Resources */ = {isa = PBXBuildFile; fileRef = 17D932B01D3CEB2800EA323B /* MapFragment.glsl */; };
		263CBC121D2E62B200AEB3A3 /* AppDelegate.m in Sources */ = {isa = PBXBuildFile; fileRef = 263CBC111D2E62B200AEB3A3 /* AppDelegate.m */; };
		263CBC1A1D2E62B200AEB3A3 /* Assets.xcassets in Resources */ = {isa = PBXBuildFile; fileRef = 263CBC191D2E62B200AEB3A3 /* Assets.xcassets */; };
		269C13C01D339604004865EA /* BLEHelper.m in Sources */ = {isa = PBXBuildFile; fileRef = 269C13BB1D339604004865EA /* BLEHelper.m */; };
		269C13C11D339604004865EA /* LeDiscovery.m in Sources */ = {isa = PBXBuildFile; fileRef = 269C13BD1D339604004865EA /* LeDiscovery.m */; };
		269C13C21D339604004865EA /* LeValueAlarmService.m in Sources */ = {isa = PBXBuildFile; fileRef = 269C13BF1D339604004865EA /* LeValueAlarmService.m */; };
		26E555011D35490400B1BE52 /* BLEItem.m in Sources */ = {isa = PBXBuildFile; fileRef = 26E555001D35490400B1BE52 /* BLEItem.m */; };
		26E5550B1D3625FA00B1BE52 /* SettingUtils.m in Sources */ = {isa = PBXBuildFile; fileRef = 26E5550A1D3625FA00B1BE52 /* SettingUtils.m */; };
		26F4B7CB1D2FAA1A007FD43C /* main.m in Sources */ = {isa = PBXBuildFile; fileRef = 26F4B7B61D2FAA1A007FD43C /* main.m */; };
		26F4B7CC1D2FAA1A007FD43C /* Localizable.strings in Resources */ = {isa = PBXBuildFile; fileRef = 26F4B7B81D2FAA1A007FD43C /* Localizable.strings */; };
		26F4B7CD1D2FAA1A007FD43C /* strings.txt in Resources */ = {isa = PBXBuildFile; fileRef = 26F4B7BB1D2FAA1A007FD43C /* strings.txt */; };
		26F4B7CE1D2FAA1A007FD43C /* LaunchScreen.storyboard in Resources */ = {isa = PBXBuildFile; fileRef = 26F4B7BD1D2FAA1A007FD43C /* LaunchScreen.storyboard */; };
		26F4B7CF1D2FAA1A007FD43C /* Main.storyboard in Resources */ = {isa = PBXBuildFile; fileRef = 26F4B7BE1D2FAA1A007FD43C /* Main.storyboard */; };
		26F4B7D01D2FAA1A007FD43C /* BLEViewController.m in Sources */ = {isa = PBXBuildFile; fileRef = 26F4B7C11D2FAA1A007FD43C /* BLEViewController.m */; };
		26F4B7D11D2FAA1A007FD43C /* MapDetailViewController.m in Sources */ = {isa = PBXBuildFile; fileRef = 26F4B7C31D2FAA1A007FD43C /* MapDetailViewController.m */; };
		26F4B7D21D2FAA1A007FD43C /* PositionViewController.m in Sources */ = {isa = PBXBuildFile; fileRef = 26F4B7C51D2FAA1A007FD43C /* PositionViewController.m */; };
		26F4B7D31D2FAA1A007FD43C /* ViewController.m in Sources */ = {isa = PBXBuildFile; fileRef = 26F4B7C71D2FAA1A007FD43C /* ViewController.m */; };
		26F4B7D41D2FAA1A007FD43C /* WeatherViewController.m in Sources */ = {isa = PBXBuildFile; fileRef = 26F4B7C91D2FAA1A007FD43C /* WeatherViewController.m */; };
		33035DEAF607E939FA199CEA /* libPods-PP.a in Frameworks */ = {isa = PBXBuildFile; fileRef = 6060AE47BFECE4F3AB835685 /* libPods-PP.a */; };
		3C8605331D361A5E00A57326 /* UITableViewCellFixed.m in Sources */ = {isa = PBXBuildFile; fileRef = 3C8605321D361A5E00A57326 /* UITableViewCellFixed.m */; };
		3CD374381D34C6B80087B2F4 /* SunOrMoonDataTableViewCell.m in Sources */ = {isa = PBXBuildFile; fileRef = 3CD374371D34C6B80087B2F4 /* SunOrMoonDataTableViewCell.m */; };
		3CD3743C1D34D2B50087B2F4 /* WeatherInfoTableViewCell.m in Sources */ = {isa = PBXBuildFile; fileRef = 3CD3743B1D34D2B50087B2F4 /* WeatherInfoTableViewCell.m */; };
		3CE19A881D3F582B0045C3E6 /* LocationModel.m in Sources */ = {isa = PBXBuildFile; fileRef = 3CE19A871D3F582B0045C3E6 /* LocationModel.m */; };
		3CFCA5DD1D37698F00ED30CF /* GPSSettingViewController.m in Sources */ = {isa = PBXBuildFile; fileRef = 3CFCA5DC1D37698F00ED30CF /* GPSSettingViewController.m */; };
		3CFCA5E11D376ECC00ED30CF /* CommonMethods.m in Sources */ = {isa = PBXBuildFile; fileRef = 3CFCA5E01D376ECC00ED30CF /* CommonMethods.m */; };
/* End PBXBuildFile section */

/* Begin PBXFileReference section */
		1710B62E1D3F80F800507C50 /* UINavigationController+iOSAutorotation.h */ = {isa = PBXFileReference; fileEncoding = 4; lastKnownFileType = sourcecode.c.h; path = "UINavigationController+iOSAutorotation.h"; sourceTree = "<group>"; };
		1710B62F1D3F80F800507C50 /* UINavigationController+iOSAutorotation.m */ = {isa = PBXFileReference; fileEncoding = 4; lastKnownFileType = sourcecode.c.objc; path = "UINavigationController+iOSAutorotation.m"; sourceTree = "<group>"; };
		1710B6981D40C75D00507C50 /* Map2DViewController.h */ = {isa = PBXFileReference; fileEncoding = 4; lastKnownFileType = sourcecode.c.h; path = Map2DViewController.h; sourceTree = "<group>"; };
		1710B6991D40C75D00507C50 /* Map2DViewController.m */ = {isa = PBXFileReference; fileEncoding = 4; lastKnownFileType = sourcecode.c.objc; path = Map2DViewController.m; sourceTree = "<group>"; };
		1710B69B1D40C9E700507C50 /* GoogleMaps.framework */ = {isa = PBXFileReference; lastKnownFileType = wrapper.framework; path = GoogleMaps.framework; sourceTree = "<group>"; };
		1710B69F1D40CACE00507C50 /* AVFoundation.framework */ = {isa = PBXFileReference; lastKnownFileType = wrapper.framework; name = AVFoundation.framework; path = System/Library/Frameworks/AVFoundation.framework; sourceTree = SDKROOT; };
		1710B6A11D40CAD800507C50 /* CoreData.framework */ = {isa = PBXFileReference; lastKnownFileType = wrapper.framework; name = CoreData.framework; path = System/Library/Frameworks/CoreData.framework; sourceTree = SDKROOT; };
		1710B6A31D40CAE200507C50 /* CoreLocation.framework */ = {isa = PBXFileReference; lastKnownFileType = wrapper.framework; name = CoreLocation.framework; path = System/Library/Frameworks/CoreLocation.framework; sourceTree = SDKROOT; };
		1710B6A51D40CAEB00507C50 /* CoreText.framework */ = {isa = PBXFileReference; lastKnownFileType = wrapper.framework; name = CoreText.framework; path = System/Library/Frameworks/CoreText.framework; sourceTree = SDKROOT; };
		1710B6A71D40CAF500507C50 /* GLKit.framework */ = {isa = PBXFileReference; lastKnownFileType = wrapper.framework; name = GLKit.framework; path = System/Library/Frameworks/GLKit.framework; sourceTree = SDKROOT; };
		1710B6A91D40CAFF00507C50 /* ImageIO.framework */ = {isa = PBXFileReference; lastKnownFileType = wrapper.framework; name = ImageIO.framework; path = System/Library/Frameworks/ImageIO.framework; sourceTree = SDKROOT; };
		1710B6AB1D40CB2100507C50 /* libc++.tbd */ = {isa = PBXFileReference; lastKnownFileType = "sourcecode.text-based-dylib-definition"; name = "libc++.tbd"; path = "usr/lib/libc++.tbd"; sourceTree = SDKROOT; };
		1710B6AD1D40CB3400507C50 /* libicucore.tbd */ = {isa = PBXFileReference; lastKnownFileType = "sourcecode.text-based-dylib-definition"; name = libicucore.tbd; path = usr/lib/libicucore.tbd; sourceTree = SDKROOT; };
		1710B6AF1D40CB4300507C50 /* libz.tbd */ = {isa = PBXFileReference; lastKnownFileType = "sourcecode.text-based-dylib-definition"; name = libz.tbd; path = usr/lib/libz.tbd; sourceTree = SDKROOT; };
		1710B6B11D40CB5700507C50 /* SystemConfiguration.framework */ = {isa = PBXFileReference; lastKnownFileType = wrapper.framework; name = SystemConfiguration.framework; path = System/Library/Frameworks/SystemConfiguration.framework; sourceTree = SDKROOT; };
		1710B6B31D40CEAA00507C50 /* TopToolbarView.h */ = {isa = PBXFileReference; fileEncoding = 4; lastKnownFileType = sourcecode.c.h; name = TopToolbarView.h; path = 3DItems/TopToolbarView.h; sourceTree = "<group>"; };
		1710B6B41D40CEAA00507C50 /* TopToolbarView.m */ = {isa = PBXFileReference; fileEncoding = 4; lastKnownFileType = sourcecode.c.objc; name = TopToolbarView.m; path = 3DItems/TopToolbarView.m; sourceTree = "<group>"; };
		1710B6B91D40CF1400507C50 /* GoogleMap2DView.h */ = {isa = PBXFileReference; fileEncoding = 4; lastKnownFileType = sourcecode.c.h; name = GoogleMap2DView.h; path = 3DItems/GoogleMap2DView.h; sourceTree = "<group>"; };
		1710B6BA1D40CF1400507C50 /* GoogleMap2DView.m */ = {isa = PBXFileReference; fileEncoding = 4; lastKnownFileType = sourcecode.c.objc; name = GoogleMap2DView.m; path = 3DItems/GoogleMap2DView.m; sourceTree = "<group>"; };
		1710B6BC1D40CF8400507C50 /* Height2DView.h */ = {isa = PBXFileReference; fileEncoding = 4; lastKnownFileType = sourcecode.c.h; name = Height2DView.h; path = 3DItems/Height2DView.h; sourceTree = "<group>"; };
		1710B6BD1D40CF8400507C50 /* Height2DView.m */ = {isa = PBXFileReference; fileEncoding = 4; lastKnownFileType = sourcecode.c.objc; name = Height2DView.m; path = 3DItems/Height2DView.m; sourceTree = "<group>"; };
		17289BEC1D337928007C93CE /* CC3Foundation.h */ = {isa = PBXFileReference; fileEncoding = 4; lastKnownFileType = sourcecode.c.h; name = CC3Foundation.h; path = 3DMath/CC3Foundation.h; sourceTree = "<group>"; };
		17289BED1D337928007C93CE /* CC3Foundation.m */ = {isa = PBXFileReference; fileEncoding = 4; lastKnownFileType = sourcecode.c.objc; name = CC3Foundation.m; path = 3DMath/CC3Foundation.m; sourceTree = "<group>"; };
		17289BEE1D337928007C93CE /* CC3GLMatrix.h */ = {isa = PBXFileReference; fileEncoding = 4; lastKnownFileType = sourcecode.c.h; name = CC3GLMatrix.h; path = 3DMath/CC3GLMatrix.h; sourceTree = "<group>"; };
		17289BEF1D337928007C93CE /* CC3GLMatrix.m */ = {isa = PBXFileReference; fileEncoding = 4; lastKnownFileType = sourcecode.c.objc; name = CC3GLMatrix.m; path = 3DMath/CC3GLMatrix.m; sourceTree = "<group>"; };
		17289BF01D337928007C93CE /* CC3Kazmath.c */ = {isa = PBXFileReference; fileEncoding = 4; lastKnownFileType = sourcecode.c.c; name = CC3Kazmath.c; path = 3DMath/CC3Kazmath.c; sourceTree = "<group>"; };
		17289BF11D337928007C93CE /* CC3Kazmath.h */ = {isa = PBXFileReference; fileEncoding = 4; lastKnownFileType = sourcecode.c.h; name = CC3Kazmath.h; path = 3DMath/CC3Kazmath.h; sourceTree = "<group>"; };
		17289BF21D337928007C93CE /* CC3Logging.h */ = {isa = PBXFileReference; fileEncoding = 4; lastKnownFileType = sourcecode.c.h; name = CC3Logging.h; path = 3DMath/CC3Logging.h; sourceTree = "<group>"; };
		17289BF31D337928007C93CE /* CC3Math.h */ = {isa = PBXFileReference; fileEncoding = 4; lastKnownFileType = sourcecode.c.h; name = CC3Math.h; path = 3DMath/CC3Math.h; sourceTree = "<group>"; };
		17289BF41D337928007C93CE /* CC3Math.m */ = {isa = PBXFileReference; fileEncoding = 4; lastKnownFileType = sourcecode.c.objc; name = CC3Math.m; path = 3DMath/CC3Math.m; sourceTree = "<group>"; };
		17289BF51D337928007C93CE /* ccTypes.h */ = {isa = PBXFileReference; fileEncoding = 4; lastKnownFileType = sourcecode.c.h; name = ccTypes.h; path = 3DMath/ccTypes.h; sourceTree = "<group>"; };
		17289BFB1D3379A7007C93CE /* UIColor+CC3.h */ = {isa = PBXFileReference; fileEncoding = 4; lastKnownFileType = sourcecode.c.h; name = "UIColor+CC3.h"; path = "3DMath/UIColor+CC3.h"; sourceTree = "<group>"; };
		17289BFC1D3379A7007C93CE /* UIColor+CC3.m */ = {isa = PBXFileReference; fileEncoding = 4; lastKnownFileType = sourcecode.c.objc; name = "UIColor+CC3.m"; path = "3DMath/UIColor+CC3.m"; sourceTree = "<group>"; };
		17289BFE1D337B5D007C93CE /* OpenGLES.framework */ = {isa = PBXFileReference; lastKnownFileType = wrapper.framework; name = OpenGLES.framework; path = System/Library/Frameworks/OpenGLES.framework; sourceTree = SDKROOT; };
		178F77211D34D33500596B38 /* Foundation.framework */ = {isa = PBXFileReference; lastKnownFileType = wrapper.framework; name = Foundation.framework; path = System/Library/Frameworks/Foundation.framework; sourceTree = SDKROOT; };
		178F77231D34D34100596B38 /* CoreGraphics.framework */ = {isa = PBXFileReference; lastKnownFileType = wrapper.framework; name = CoreGraphics.framework; path = System/Library/Frameworks/CoreGraphics.framework; sourceTree = SDKROOT; };
		17C151761D33878E0084CF31 /* OpenGLViewController.h */ = {isa = PBXFileReference; fileEncoding = 4; lastKnownFileType = sourcecode.c.h; path = OpenGLViewController.h; sourceTree = "<group>"; };
		17C151771D33878E0084CF31 /* OpenGLViewController.m */ = {isa = PBXFileReference; fileEncoding = 4; lastKnownFileType = sourcecode.c.objc; path = OpenGLViewController.m; sourceTree = "<group>"; };
		17C1517A1D3391950084CF31 /* SimpleVertex.glsl */ = {isa = PBXFileReference; fileEncoding = 4; lastKnownFileType = text; name = SimpleVertex.glsl; path = 3DData/SimpleVertex.glsl; sourceTree = "<group>"; };
		17C151831D33943C0084CF31 /* QuartzCore.framework */ = {isa = PBXFileReference; lastKnownFileType = wrapper.framework; name = QuartzCore.framework; path = System/Library/Frameworks/QuartzCore.framework; sourceTree = SDKROOT; };
		17C151851D3394730084CF31 /* UIKit.framework */ = {isa = PBXFileReference; lastKnownFileType = wrapper.framework; name = UIKit.framework; path = System/Library/Frameworks/UIKit.framework; sourceTree = SDKROOT; };
		17C151871D339ECF0084CF31 /* OpenGLMapSquareView.h */ = {isa = PBXFileReference; fileEncoding = 4; lastKnownFileType = sourcecode.c.h; name = OpenGLMapSquareView.h; path = 3DItems/OpenGLMapSquareView.h; sourceTree = "<group>"; };
		17C151881D339ECF0084CF31 /* OpenGLMapSquareView.m */ = {isa = PBXFileReference; fileEncoding = 4; lastKnownFileType = sourcecode.c.objc; name = OpenGLMapSquareView.m; path = 3DItems/OpenGLMapSquareView.m; sourceTree = "<group>"; };
		17D627E91D41CC67008BD5EE /* GoogleMaps.bundle */ = {isa = PBXFileReference; lastKnownFileType = "wrapper.plug-in"; path = GoogleMaps.bundle; sourceTree = "<group>"; };
		17D932341D34D56600EA323B /* OpenGLView.h */ = {isa = PBXFileReference; fileEncoding = 4; lastKnownFileType = sourcecode.c.h; name = OpenGLView.h; path = 3DItems/OpenGLView.h; sourceTree = "<group>"; };
		17D932351D34D56600EA323B /* OpenGLView.m */ = {isa = PBXFileReference; fileEncoding = 4; lastKnownFileType = sourcecode.c.objc; name = OpenGLView.m; path = 3DItems/OpenGLView.m; sourceTree = "<group>"; };
		17D932611D379C5100EA323B /* compass_.png */ = {isa = PBXFileReference; lastKnownFileType = image.png; name = compass_.png; path = 3DImages/compass_.png; sourceTree = "<group>"; };
		17D932621D379C5100EA323B /* compass.png */ = {isa = PBXFileReference; lastKnownFileType = image.png; name = compass.png; path = 3DImages/compass.png; sourceTree = "<group>"; };
		17D932631D379C5100EA323B /* map_marker_icon.png */ = {isa = PBXFileReference; lastKnownFileType = image.png; name = map_marker_icon.png; path = 3DImages/map_marker_icon.png; sourceTree = "<group>"; };
		17D932661D379C5100EA323B /* compass_bottom.png */ = {isa = PBXFileReference; lastKnownFileType = image.png; name = compass_bottom.png; path = 3DImages/compass_bottom.png; sourceTree = "<group>"; };
		17D932671D379C5100EA323B /* compass_left.png */ = {isa = PBXFileReference; lastKnownFileType = image.png; name = compass_left.png; path = 3DImages/compass_left.png; sourceTree = "<group>"; };
		17D932681D379C5100EA323B /* compass_right.png */ = {isa = PBXFileReference; lastKnownFileType = image.png; name = compass_right.png; path = 3DImages/compass_right.png; sourceTree = "<group>"; };
		17D932691D379C5100EA323B /* compass_top.png */ = {isa = PBXFileReference; lastKnownFileType = image.png; name = compass_top.png; path = 3DImages/compass_top.png; sourceTree = "<group>"; };
		17D9326A1D379C5100EA323B /* rotate.png */ = {isa = PBXFileReference; lastKnownFileType = image.png; name = rotate.png; path = 3DImages/rotate.png; sourceTree = "<group>"; };
		17D9326B1D379C5100EA323B /* staticmap.png */ = {isa = PBXFileReference; lastKnownFileType = image.png; name = staticmap.png; path = 3DImages/staticmap.png; sourceTree = "<group>"; };
		17D932771D37A07F00EA323B /* staticmap1.png */ = {isa = PBXFileReference; lastKnownFileType = image.png; name = staticmap1.png; path = 3DImages/staticmap1.png; sourceTree = "<group>"; };
		17D932781D37A07F00EA323B /* staticmap2.png */ = {isa = PBXFileReference; lastKnownFileType = image.png; name = staticmap2.png; path = 3DImages/staticmap2.png; sourceTree = "<group>"; };
		17D9327B1D37A1C600EA323B /* tile_floor.png */ = {isa = PBXFileReference; lastKnownFileType = image.png; name = tile_floor.png; path = 3DImages/tile_floor.png; sourceTree = "<group>"; };
		17D932AF1D3CEB2800EA323B /* RouteFragment.glsl */ = {isa = PBXFileReference; fileEncoding = 4; lastKnownFileType = text; name = RouteFragment.glsl; path = 3DData/RouteFragment.glsl; sourceTree = "<group>"; };
		17D932B01D3CEB2800EA323B /* MapFragment.glsl */ = {isa = PBXFileReference; fileEncoding = 4; lastKnownFileType = text; name = MapFragment.glsl; path = 3DData/MapFragment.glsl; sourceTree = "<group>"; };
		263CBC0A1D2E62B200AEB3A3 /* PP.app */ = {isa = PBXFileReference; explicitFileType = wrapper.application; includeInIndex = 0; path = PP.app; sourceTree = BUILT_PRODUCTS_DIR; };
		263CBC101D2E62B200AEB3A3 /* AppDelegate.h */ = {isa = PBXFileReference; lastKnownFileType = sourcecode.c.h; path = AppDelegate.h; sourceTree = "<group>"; };
		263CBC111D2E62B200AEB3A3 /* AppDelegate.m */ = {isa = PBXFileReference; lastKnownFileType = sourcecode.c.objc; path = AppDelegate.m; sourceTree = "<group>"; };
		263CBC191D2E62B200AEB3A3 /* Assets.xcassets */ = {isa = PBXFileReference; lastKnownFileType = folder.assetcatalog; path = Assets.xcassets; sourceTree = "<group>"; };
		269C13BA1D339604004865EA /* BLEHelper.h */ = {isa = PBXFileReference; fileEncoding = 4; lastKnownFileType = sourcecode.c.h; path = BLEHelper.h; sourceTree = "<group>"; };
		269C13BB1D339604004865EA /* BLEHelper.m */ = {isa = PBXFileReference; fileEncoding = 4; lastKnownFileType = sourcecode.c.objc; path = BLEHelper.m; sourceTree = "<group>"; };
		269C13BC1D339604004865EA /* LeDiscovery.h */ = {isa = PBXFileReference; fileEncoding = 4; lastKnownFileType = sourcecode.c.h; path = LeDiscovery.h; sourceTree = "<group>"; };
		269C13BD1D339604004865EA /* LeDiscovery.m */ = {isa = PBXFileReference; fileEncoding = 4; lastKnownFileType = sourcecode.c.objc; path = LeDiscovery.m; sourceTree = "<group>"; };
		269C13BE1D339604004865EA /* LeValueAlarmService.h */ = {isa = PBXFileReference; fileEncoding = 4; lastKnownFileType = sourcecode.c.h; path = LeValueAlarmService.h; sourceTree = "<group>"; };
		269C13BF1D339604004865EA /* LeValueAlarmService.m */ = {isa = PBXFileReference; fileEncoding = 4; lastKnownFileType = sourcecode.c.objc; path = LeValueAlarmService.m; sourceTree = "<group>"; };
		26E554FF1D35490400B1BE52 /* BLEItem.h */ = {isa = PBXFileReference; fileEncoding = 4; lastKnownFileType = sourcecode.c.h; path = BLEItem.h; sourceTree = "<group>"; };
		26E555001D35490400B1BE52 /* BLEItem.m */ = {isa = PBXFileReference; fileEncoding = 4; lastKnownFileType = sourcecode.c.objc; path = BLEItem.m; sourceTree = "<group>"; };
		26E555091D3625FA00B1BE52 /* SettingUtils.h */ = {isa = PBXFileReference; fileEncoding = 4; lastKnownFileType = sourcecode.c.h; path = SettingUtils.h; sourceTree = "<group>"; };
		26E5550A1D3625FA00B1BE52 /* SettingUtils.m */ = {isa = PBXFileReference; fileEncoding = 4; lastKnownFileType = sourcecode.c.objc; path = SettingUtils.m; sourceTree = "<group>"; };
		26E5550C1D36260E00B1BE52 /* PP-prefix.pch */ = {isa = PBXFileReference; fileEncoding = 4; lastKnownFileType = sourcecode.c.h; path = "PP-prefix.pch"; sourceTree = "<group>"; };
		26F4B7B51D2FAA1A007FD43C /* Info.plist */ = {isa = PBXFileReference; fileEncoding = 4; lastKnownFileType = text.plist.xml; path = Info.plist; sourceTree = "<group>"; };
		26F4B7B61D2FAA1A007FD43C /* main.m */ = {isa = PBXFileReference; fileEncoding = 4; lastKnownFileType = sourcecode.c.objc; path = main.m; sourceTree = "<group>"; };
		26F4B7B91D2FAA1A007FD43C /* en */ = {isa = PBXFileReference; lastKnownFileType = text.plist.strings; name = en; path = en.lproj/Localizable.strings; sourceTree = "<group>"; };
		26F4B7BA1D2FAA1A007FD43C /* ja */ = {isa = PBXFileReference; lastKnownFileType = text.plist.strings; name = ja; path = ja.lproj/Localizable.strings; sourceTree = "<group>"; };
		26F4B7BB1D2FAA1A007FD43C /* strings.txt */ = {isa = PBXFileReference; fileEncoding = 4; lastKnownFileType = text; path = strings.txt; sourceTree = "<group>"; };
		26F4B7BD1D2FAA1A007FD43C /* LaunchScreen.storyboard */ = {isa = PBXFileReference; fileEncoding = 4; lastKnownFileType = file.storyboard; path = LaunchScreen.storyboard; sourceTree = "<group>"; };
		26F4B7BE1D2FAA1A007FD43C /* Main.storyboard */ = {isa = PBXFileReference; fileEncoding = 4; lastKnownFileType = file.storyboard; path = Main.storyboard; sourceTree = "<group>"; };
		26F4B7C01D2FAA1A007FD43C /* BLEViewController.h */ = {isa = PBXFileReference; fileEncoding = 4; lastKnownFileType = sourcecode.c.h; path = BLEViewController.h; sourceTree = "<group>"; };
		26F4B7C11D2FAA1A007FD43C /* BLEViewController.m */ = {isa = PBXFileReference; fileEncoding = 4; lastKnownFileType = sourcecode.c.objc; path = BLEViewController.m; sourceTree = "<group>"; };
		26F4B7C21D2FAA1A007FD43C /* MapDetailViewController.h */ = {isa = PBXFileReference; fileEncoding = 4; lastKnownFileType = sourcecode.c.h; path = MapDetailViewController.h; sourceTree = "<group>"; };
		26F4B7C31D2FAA1A007FD43C /* MapDetailViewController.m */ = {isa = PBXFileReference; fileEncoding = 4; lastKnownFileType = sourcecode.c.objc; path = MapDetailViewController.m; sourceTree = "<group>"; };
		26F4B7C41D2FAA1A007FD43C /* PositionViewController.h */ = {isa = PBXFileReference; fileEncoding = 4; lastKnownFileType = sourcecode.c.h; path = PositionViewController.h; sourceTree = "<group>"; };
		26F4B7C51D2FAA1A007FD43C /* PositionViewController.m */ = {isa = PBXFileReference; fileEncoding = 4; lastKnownFileType = sourcecode.c.objc; path = PositionViewController.m; sourceTree = "<group>"; };
		26F4B7C61D2FAA1A007FD43C /* ViewController.h */ = {isa = PBXFileReference; fileEncoding = 4; lastKnownFileType = sourcecode.c.h; path = ViewController.h; sourceTree = "<group>"; };
		26F4B7C71D2FAA1A007FD43C /* ViewController.m */ = {isa = PBXFileReference; fileEncoding = 4; lastKnownFileType = sourcecode.c.objc; path = ViewController.m; sourceTree = "<group>"; };
		26F4B7C81D2FAA1A007FD43C /* WeatherViewController.h */ = {isa = PBXFileReference; fileEncoding = 4; lastKnownFileType = sourcecode.c.h; path = WeatherViewController.h; sourceTree = "<group>"; };
		26F4B7C91D2FAA1A007FD43C /* WeatherViewController.m */ = {isa = PBXFileReference; fileEncoding = 4; lastKnownFileType = sourcecode.c.objc; path = WeatherViewController.m; sourceTree = "<group>"; };
		3C8605311D361A5E00A57326 /* UITableViewCellFixed.h */ = {isa = PBXFileReference; fileEncoding = 4; lastKnownFileType = sourcecode.c.h; path = UITableViewCellFixed.h; sourceTree = "<group>"; };
		3C8605321D361A5E00A57326 /* UITableViewCellFixed.m */ = {isa = PBXFileReference; fileEncoding = 4; lastKnownFileType = sourcecode.c.objc; path = UITableViewCellFixed.m; sourceTree = "<group>"; };
		3CD374361D34C6B80087B2F4 /* SunOrMoonDataTableViewCell.h */ = {isa = PBXFileReference; fileEncoding = 4; lastKnownFileType = sourcecode.c.h; path = SunOrMoonDataTableViewCell.h; sourceTree = "<group>"; };
		3CD374371D34C6B80087B2F4 /* SunOrMoonDataTableViewCell.m */ = {isa = PBXFileReference; fileEncoding = 4; lastKnownFileType = sourcecode.c.objc; path = SunOrMoonDataTableViewCell.m; sourceTree = "<group>"; };
		3CD3743A1D34D2B50087B2F4 /* WeatherInfoTableViewCell.h */ = {isa = PBXFileReference; fileEncoding = 4; lastKnownFileType = sourcecode.c.h; path = WeatherInfoTableViewCell.h; sourceTree = "<group>"; };
		3CD3743B1D34D2B50087B2F4 /* WeatherInfoTableViewCell.m */ = {isa = PBXFileReference; fileEncoding = 4; lastKnownFileType = sourcecode.c.objc; path = WeatherInfoTableViewCell.m; sourceTree = "<group>"; };
		3CE19A861D3F582B0045C3E6 /* LocationModel.h */ = {isa = PBXFileReference; fileEncoding = 4; lastKnownFileType = sourcecode.c.h; path = LocationModel.h; sourceTree = "<group>"; };
		3CE19A871D3F582B0045C3E6 /* LocationModel.m */ = {isa = PBXFileReference; fileEncoding = 4; lastKnownFileType = sourcecode.c.objc; path = LocationModel.m; sourceTree = "<group>"; };
		3CE476011D38E5FE0009B440 /* Enums.h */ = {isa = PBXFileReference; fileEncoding = 4; lastKnownFileType = sourcecode.c.h; path = Enums.h; sourceTree = "<group>"; };
		3CE476021D38E6140009B440 /* Constants.h */ = {isa = PBXFileReference; lastKnownFileType = sourcecode.c.h; path = Constants.h; sourceTree = "<group>"; };
		3CFCA5DB1D37698F00ED30CF /* GPSSettingViewController.h */ = {isa = PBXFileReference; fileEncoding = 4; lastKnownFileType = sourcecode.c.h; path = GPSSettingViewController.h; sourceTree = "<group>"; };
		3CFCA5DC1D37698F00ED30CF /* GPSSettingViewController.m */ = {isa = PBXFileReference; fileEncoding = 4; lastKnownFileType = sourcecode.c.objc; path = GPSSettingViewController.m; sourceTree = "<group>"; };
		3CFCA5DF1D376ECC00ED30CF /* CommonMethods.h */ = {isa = PBXFileReference; fileEncoding = 4; lastKnownFileType = sourcecode.c.h; path = CommonMethods.h; sourceTree = "<group>"; };
		3CFCA5E01D376ECC00ED30CF /* CommonMethods.m */ = {isa = PBXFileReference; fileEncoding = 4; lastKnownFileType = sourcecode.c.objc; path = CommonMethods.m; sourceTree = "<group>"; };
		6060AE47BFECE4F3AB835685 /* libPods-PP.a */ = {isa = PBXFileReference; explicitFileType = archive.ar; includeInIndex = 0; path = "libPods-PP.a"; sourceTree = BUILT_PRODUCTS_DIR; };
		9B8D9826BA750C12AC9FD73D /* Pods-PP.release.xcconfig */ = {isa = PBXFileReference; includeInIndex = 1; lastKnownFileType = text.xcconfig; name = "Pods-PP.release.xcconfig"; path = "Pods/Target Support Files/Pods-PP/Pods-PP.release.xcconfig"; sourceTree = "<group>"; };
		EE0C21C9E37F68E56FB01C45 /* Pods-PP.debug.xcconfig */ = {isa = PBXFileReference; includeInIndex = 1; lastKnownFileType = text.xcconfig; name = "Pods-PP.debug.xcconfig"; path = "Pods/Target Support Files/Pods-PP/Pods-PP.debug.xcconfig"; sourceTree = "<group>"; };
/* End PBXFileReference section */

/* Begin PBXFrameworksBuildPhase section */
		263CBC071D2E62B200AEB3A3 /* Frameworks */ = {
			isa = PBXFrameworksBuildPhase;
			buildActionMask = 2147483647;
			files = (
				1710B6B21D40CB5700507C50 /* SystemConfiguration.framework in Frameworks */,
				1710B6B01D40CB4300507C50 /* libz.tbd in Frameworks */,
				1710B6AE1D40CB3400507C50 /* libicucore.tbd in Frameworks */,
				1710B6AC1D40CB2100507C50 /* libc++.tbd in Frameworks */,
				1710B6AA1D40CAFF00507C50 /* ImageIO.framework in Frameworks */,
				1710B6A81D40CAF500507C50 /* GLKit.framework in Frameworks */,
				1710B6A61D40CAEB00507C50 /* CoreText.framework in Frameworks */,
				1710B6A41D40CAE200507C50 /* CoreLocation.framework in Frameworks */,
				1710B6A21D40CAD800507C50 /* CoreData.framework in Frameworks */,
				1710B6A01D40CACE00507C50 /* AVFoundation.framework in Frameworks */,
				178F77271D34D3E400596B38 /* Foundation.framework in Frameworks */,
				1710B69C1D40C9E700507C50 /* GoogleMaps.framework in Frameworks */,
				178F77261D34D3CD00596B38 /* CoreGraphics.framework in Frameworks */,
				178F77251D34D3BB00596B38 /* UIKit.framework in Frameworks */,
				17C151841D33943C0084CF31 /* QuartzCore.framework in Frameworks */,
				17289BFF1D337B5D007C93CE /* OpenGLES.framework in Frameworks */,
				33035DEAF607E939FA199CEA /* libPods-PP.a in Frameworks */,
			);
			runOnlyForDeploymentPostprocessing = 0;
		};
/* End PBXFrameworksBuildPhase section */

/* Begin PBXGroup section */
		17289BEB1D3378E5007C93CE /* 3DItems */ = {
			isa = PBXGroup;
			children = (
				17D932341D34D56600EA323B /* OpenGLView.h */,
				17D932351D34D56600EA323B /* OpenGLView.m */,
				17C151871D339ECF0084CF31 /* OpenGLMapSquareView.h */,
				17C151881D339ECF0084CF31 /* OpenGLMapSquareView.m */,
				1710B6B31D40CEAA00507C50 /* TopToolbarView.h */,
				1710B6B41D40CEAA00507C50 /* TopToolbarView.m */,
				1710B6B91D40CF1400507C50 /* GoogleMap2DView.h */,
				1710B6BA1D40CF1400507C50 /* GoogleMap2DView.m */,
				1710B6BC1D40CF8400507C50 /* Height2DView.h */,
				1710B6BD1D40CF8400507C50 /* Height2DView.m */,
			);
			name = 3DItems;
			sourceTree = "<group>";
		};
		17289BFA1D33792E007C93CE /* 3DMath */ = {
			isa = PBXGroup;
			children = (
				17289BEC1D337928007C93CE /* CC3Foundation.h */,
				17289BED1D337928007C93CE /* CC3Foundation.m */,
				17289BEE1D337928007C93CE /* CC3GLMatrix.h */,
				17289BEF1D337928007C93CE /* CC3GLMatrix.m */,
				17289BF01D337928007C93CE /* CC3Kazmath.c */,
				17289BF11D337928007C93CE /* CC3Kazmath.h */,
				17289BF21D337928007C93CE /* CC3Logging.h */,
				17289BF31D337928007C93CE /* CC3Math.h */,
				17289BF41D337928007C93CE /* CC3Math.m */,
				17289BF51D337928007C93CE /* ccTypes.h */,
				17289BFB1D3379A7007C93CE /* UIColor+CC3.h */,
				17289BFC1D3379A7007C93CE /* UIColor+CC3.m */,
			);
			name = 3DMath;
			sourceTree = "<group>";
		};
		17C1517D1D33919A0084CF31 /* 3DData */ = {
			isa = PBXGroup;
			children = (
				17D932AF1D3CEB2800EA323B /* RouteFragment.glsl */,
				17D932B01D3CEB2800EA323B /* MapFragment.glsl */,
				17C1517A1D3391950084CF31 /* SimpleVertex.glsl */,
			);
			name = 3DData;
			sourceTree = "<group>";
		};
		17C151821D3392470084CF31 /* 3DArt */ = {
			isa = PBXGroup;
			children = (
				17D9327B1D37A1C600EA323B /* tile_floor.png */,
				17D932771D37A07F00EA323B /* staticmap1.png */,
				17D932781D37A07F00EA323B /* staticmap2.png */,
				17D932611D379C5100EA323B /* compass_.png */,
				17D932621D379C5100EA323B /* compass.png */,
				17D932631D379C5100EA323B /* map_marker_icon.png */,
				17D932661D379C5100EA323B /* compass_bottom.png */,
				17D932671D379C5100EA323B /* compass_left.png */,
				17D932681D379C5100EA323B /* compass_right.png */,
				17D932691D379C5100EA323B /* compass_top.png */,
				17D9326A1D379C5100EA323B /* rotate.png */,
				17D9326B1D379C5100EA323B /* staticmap.png */,
			);
			name = 3DArt;
			sourceTree = "<group>";
		};
		250A06E01B1CF2A744459FFD /* Pods */ = {
			isa = PBXGroup;
			children = (
				EE0C21C9E37F68E56FB01C45 /* Pods-PP.debug.xcconfig */,
				9B8D9826BA750C12AC9FD73D /* Pods-PP.release.xcconfig */,
			);
			name = Pods;
			sourceTree = "<group>";
		};
		263CBC011D2E62B200AEB3A3 = {
			isa = PBXGroup;
			children = (
				263CBC0C1D2E62B200AEB3A3 /* PP */,
				263CBC0B1D2E62B200AEB3A3 /* Products */,
				C9F635770A372A9307CC5A0A /* Frameworks */,
				26E555071D36239300B1BE52 /* Recovered References */,
				250A06E01B1CF2A744459FFD /* Pods */,
			);
			sourceTree = "<group>";
		};
		263CBC0B1D2E62B200AEB3A3 /* Products */ = {
			isa = PBXGroup;
			children = (
				263CBC0A1D2E62B200AEB3A3 /* PP.app */,
			);
			name = Products;
			sourceTree = "<group>";
		};
		263CBC0C1D2E62B200AEB3A3 /* PP */ = {
			isa = PBXGroup;
			children = (
				3CFCA5E41D3779BC00ED30CF /* Models */,
				26E555081D3625FA00B1BE52 /* Utils */,
				3CD374331D34C6590087B2F4 /* Views */,
				17C151821D3392470084CF31 /* 3DArt */,
				17C1517D1D33919A0084CF31 /* 3DData */,
				17289BFA1D33792E007C93CE /* 3DMath */,
				17289BEB1D3378E5007C93CE /* 3DItems */,
				269C13B91D339604004865EA /* BLE */,
				26F4B7B41D2FAA1A007FD43C /* Other */,
				26F4B7BC1D2FAA1A007FD43C /* Storyboards */,
				26F4B7BF1D2FAA1A007FD43C /* ViewController */,
				263CBC101D2E62B200AEB3A3 /* AppDelegate.h */,
				263CBC111D2E62B200AEB3A3 /* AppDelegate.m */,
				263CBC191D2E62B200AEB3A3 /* Assets.xcassets */,
			);
			path = PP;
			sourceTree = "<group>";
		};
		269C13B91D339604004865EA /* BLE */ = {
			isa = PBXGroup;
			children = (
				269C13BA1D339604004865EA /* BLEHelper.h */,
				269C13BB1D339604004865EA /* BLEHelper.m */,
				269C13BC1D339604004865EA /* LeDiscovery.h */,
				269C13BD1D339604004865EA /* LeDiscovery.m */,
				269C13BE1D339604004865EA /* LeValueAlarmService.h */,
				269C13BF1D339604004865EA /* LeValueAlarmService.m */,
				26E554FF1D35490400B1BE52 /* BLEItem.h */,
				26E555001D35490400B1BE52 /* BLEItem.m */,
			);
			path = BLE;
			sourceTree = "<group>";
		};
		26E555071D36239300B1BE52 /* Recovered References */ = {
			isa = PBXGroup;
			children = (
			);
			name = "Recovered References";
			sourceTree = "<group>";
		};
		26E555081D3625FA00B1BE52 /* Utils */ = {
			isa = PBXGroup;
			children = (
				3CE475FF1D38E5FE0009B440 /* Constants */,
				3CE476001D38E5FE0009B440 /* Enums */,
				3CFCA5DE1D376E9F00ED30CF /* CommonMethods */,
				26E555091D3625FA00B1BE52 /* SettingUtils.h */,
				26E5550A1D3625FA00B1BE52 /* SettingUtils.m */,
			);
			path = Utils;
			sourceTree = "<group>";
		};
		26F4B7B41D2FAA1A007FD43C /* Other */ = {
			isa = PBXGroup;
			children = (
				26E5550C1D36260E00B1BE52 /* PP-prefix.pch */,
				26F4B7B51D2FAA1A007FD43C /* Info.plist */,
				26F4B7B61D2FAA1A007FD43C /* main.m */,
				26F4B7B71D2FAA1A007FD43C /* Strings */,
				26F4B7BB1D2FAA1A007FD43C /* strings.txt */,
			);
			path = Other;
			sourceTree = "<group>";
		};
		26F4B7B71D2FAA1A007FD43C /* Strings */ = {
			isa = PBXGroup;
			children = (
				26F4B7B81D2FAA1A007FD43C /* Localizable.strings */,
			);
			path = Strings;
			sourceTree = "<group>";
		};
		26F4B7BC1D2FAA1A007FD43C /* Storyboards */ = {
			isa = PBXGroup;
			children = (
				26F4B7BD1D2FAA1A007FD43C /* LaunchScreen.storyboard */,
				26F4B7BE1D2FAA1A007FD43C /* Main.storyboard */,
			);
			path = Storyboards;
			sourceTree = "<group>";
		};
		26F4B7BF1D2FAA1A007FD43C /* ViewController */ = {
			isa = PBXGroup;
			children = (
				26F4B7C01D2FAA1A007FD43C /* BLEViewController.h */,
				26F4B7C11D2FAA1A007FD43C /* BLEViewController.m */,
				26F4B7C21D2FAA1A007FD43C /* MapDetailViewController.h */,
				26F4B7C31D2FAA1A007FD43C /* MapDetailViewController.m */,
				26F4B7C41D2FAA1A007FD43C /* PositionViewController.h */,
				26F4B7C51D2FAA1A007FD43C /* PositionViewController.m */,
				26F4B7C61D2FAA1A007FD43C /* ViewController.h */,
				26F4B7C71D2FAA1A007FD43C /* ViewController.m */,
				26F4B7C81D2FAA1A007FD43C /* WeatherViewController.h */,
				26F4B7C91D2FAA1A007FD43C /* WeatherViewController.m */,
				17C151761D33878E0084CF31 /* OpenGLViewController.h */,
				17C151771D33878E0084CF31 /* OpenGLViewController.m */,
				3CFCA5DB1D37698F00ED30CF /* GPSSettingViewController.h */,
				3CFCA5DC1D37698F00ED30CF /* GPSSettingViewController.m */,
				1710B62E1D3F80F800507C50 /* UINavigationController+iOSAutorotation.h */,
				1710B62F1D3F80F800507C50 /* UINavigationController+iOSAutorotation.m */,
				1710B6981D40C75D00507C50 /* Map2DViewController.h */,
				1710B6991D40C75D00507C50 /* Map2DViewController.m */,
			);
			path = ViewController;
			sourceTree = "<group>";
		};
		3C8605301D361A4700A57326 /* UITableViewCellFixed */ = {
			isa = PBXGroup;
			children = (
				3C8605311D361A5E00A57326 /* UITableViewCellFixed.h */,
				3C8605321D361A5E00A57326 /* UITableViewCellFixed.m */,
			);
			path = UITableViewCellFixed;
			sourceTree = "<group>";
		};
		3CD374331D34C6590087B2F4 /* Views */ = {
			isa = PBXGroup;
			children = (
				3CD374341D34C6590087B2F4 /* CustomViewCell */,
			);
			path = Views;
			sourceTree = "<group>";
		};
		3CD374341D34C6590087B2F4 /* CustomViewCell */ = {
			isa = PBXGroup;
			children = (
				3C8605301D361A4700A57326 /* UITableViewCellFixed */,
				3CD374391D34D2A60087B2F4 /* WeatherInfoCell */,
				3CD374351D34C6590087B2F4 /* SunriseAndSunsetDataCell */,
			);
			path = CustomViewCell;
			sourceTree = "<group>";
		};
		3CD374351D34C6590087B2F4 /* SunriseAndSunsetDataCell */ = {
			isa = PBXGroup;
			children = (
				3CD374361D34C6B80087B2F4 /* SunOrMoonDataTableViewCell.h */,
				3CD374371D34C6B80087B2F4 /* SunOrMoonDataTableViewCell.m */,
			);
			path = SunriseAndSunsetDataCell;
			sourceTree = "<group>";
		};
		3CD374391D34D2A60087B2F4 /* WeatherInfoCell */ = {
			isa = PBXGroup;
			children = (
				3CD3743A1D34D2B50087B2F4 /* WeatherInfoTableViewCell.h */,
				3CD3743B1D34D2B50087B2F4 /* WeatherInfoTableViewCell.m */,
			);
			path = WeatherInfoCell;
			sourceTree = "<group>";
		};
		3CE475FF1D38E5FE0009B440 /* Constants */ = {
			isa = PBXGroup;
			children = (
				3CE476021D38E6140009B440 /* Constants.h */,
			);
			path = Constants;
			sourceTree = "<group>";
		};
		3CE476001D38E5FE0009B440 /* Enums */ = {
			isa = PBXGroup;
			children = (
				3CE476011D38E5FE0009B440 /* Enums.h */,
			);
			path = Enums;
			sourceTree = "<group>";
		};
		3CFCA5DE1D376E9F00ED30CF /* CommonMethods */ = {
			isa = PBXGroup;
			children = (
				3CFCA5DF1D376ECC00ED30CF /* CommonMethods.h */,
				3CFCA5E01D376ECC00ED30CF /* CommonMethods.m */,
			);
			path = CommonMethods;
			sourceTree = "<group>";
		};
		3CFCA5E41D3779BC00ED30CF /* Models */ = {
			isa = PBXGroup;
			children = (
				3CE19A861D3F582B0045C3E6 /* LocationModel.h */,
				3CE19A871D3F582B0045C3E6 /* LocationModel.m */,
			);
			path = Models;
			sourceTree = "<group>";
		};
		C9F635770A372A9307CC5A0A /* Frameworks */ = {
			isa = PBXGroup;
			children = (
				1710B6B11D40CB5700507C50 /* SystemConfiguration.framework */,
				1710B6AF1D40CB4300507C50 /* libz.tbd */,
				1710B6AD1D40CB3400507C50 /* libicucore.tbd */,
				1710B6AB1D40CB2100507C50 /* libc++.tbd */,
				1710B6A91D40CAFF00507C50 /* ImageIO.framework */,
				1710B6A71D40CAF500507C50 /* GLKit.framework */,
				1710B6A51D40CAEB00507C50 /* CoreText.framework */,
				1710B6A31D40CAE200507C50 /* CoreLocation.framework */,
				1710B6A11D40CAD800507C50 /* CoreData.framework */,
				1710B69F1D40CACE00507C50 /* AVFoundation.framework */,
				1710B69B1D40C9E700507C50 /* GoogleMaps.framework */,
				178F77231D34D34100596B38 /* CoreGraphics.framework */,
				178F77211D34D33500596B38 /* Foundation.framework */,
				17C151851D3394730084CF31 /* UIKit.framework */,
				17C151831D33943C0084CF31 /* QuartzCore.framework */,
				17289BFE1D337B5D007C93CE /* OpenGLES.framework */,
				6060AE47BFECE4F3AB835685 /* libPods-PP.a */,
				17D627E91D41CC67008BD5EE /* GoogleMaps.bundle */,
			);
			name = Frameworks;
			sourceTree = "<group>";
		};
/* End PBXGroup section */

/* Begin PBXNativeTarget section */
		263CBC091D2E62B200AEB3A3 /* PP */ = {
			isa = PBXNativeTarget;
			buildConfigurationList = 263CBC211D2E62B200AEB3A3 /* Build configuration list for PBXNativeTarget "PP" */;
			buildPhases = (
				80A636EB7095B95AB932D17F /* [CP] Check Pods Manifest.lock */,
				263CBC061D2E62B200AEB3A3 /* Sources */,
				263CBC081D2E62B200AEB3A3 /* Resources */,
				263CBC071D2E62B200AEB3A3 /* Frameworks */,
				26F4B7A01D2F88A4007FD43C /* ShellScript */,
				01DC7DD35652B3D4C8C7CC5F /* [CP] Embed Pods Frameworks */,
				EF8C9F4C092B54000FC48D4D /* [CP] Copy Pods Resources */,
				2EADB3962CCB429802357670 /* Embed Pods Frameworks */,
			);
			buildRules = (
			);
			dependencies = (
			);
			name = PP;
			productName = PP;
			productReference = 263CBC0A1D2E62B200AEB3A3 /* PP.app */;
			productType = "com.apple.product-type.application";
		};
/* End PBXNativeTarget section */

/* Begin PBXProject section */
		263CBC021D2E62B200AEB3A3 /* Project object */ = {
			isa = PBXProject;
			attributes = {
				LastUpgradeCheck = 0730;
				ORGANIZATIONNAME = IVC;
				TargetAttributes = {
					263CBC091D2E62B200AEB3A3 = {
						CreatedOnToolsVersion = 7.3;
					};
				};
			};
			buildConfigurationList = 263CBC051D2E62B200AEB3A3 /* Build configuration list for PBXProject "PP" */;
			compatibilityVersion = "Xcode 3.2";
			developmentRegion = English;
			hasScannedForEncodings = 0;
			knownRegions = (
				en,
				Base,
				ja,
			);
			mainGroup = 263CBC011D2E62B200AEB3A3;
			productRefGroup = 263CBC0B1D2E62B200AEB3A3 /* Products */;
			projectDirPath = "";
			projectRoot = "";
			targets = (
				263CBC091D2E62B200AEB3A3 /* PP */,
			);
		};
/* End PBXProject section */

/* Begin PBXResourcesBuildPhase section */
		263CBC081D2E62B200AEB3A3 /* Resources */ = {
			isa = PBXResourcesBuildPhase;
			buildActionMask = 2147483647;
			files = (
				17C1517C1D3391950084CF31 /* SimpleVertex.glsl in Resources */,
				26F4B7CC1D2FAA1A007FD43C /* Localizable.strings in Resources */,
				17D932721D379C5100EA323B /* compass_left.png in Resources */,
				17D932741D379C5100EA323B /* compass_top.png in Resources */,
				17D9326E1D379C5100EA323B /* map_marker_icon.png in Resources */,
				17D9326D1D379C5100EA323B /* compass.png in Resources */,
				17D627EA1D41CC67008BD5EE /* GoogleMaps.bundle in Resources */,
				17D932B21D3CEB2800EA323B /* MapFragment.glsl in Resources */,
				17D932751D379C5100EA323B /* rotate.png in Resources */,
				17D932731D379C5100EA323B /* compass_right.png in Resources */,
				17D932791D37A07F00EA323B /* staticmap1.png in Resources */,
				263CBC1A1D2E62B200AEB3A3 /* Assets.xcassets in Resources */,
				26F4B7CF1D2FAA1A007FD43C /* Main.storyboard in Resources */,
				26F4B7CE1D2FAA1A007FD43C /* LaunchScreen.storyboard in Resources */,
				17D9327A1D37A07F00EA323B /* staticmap2.png in Resources */,
				17D932B11D3CEB2800EA323B /* RouteFragment.glsl in Resources */,
				17D932711D379C5100EA323B /* compass_bottom.png in Resources */,
				17D9327C1D37A1C600EA323B /* tile_floor.png in Resources */,
				17D9326C1D379C5100EA323B /* compass_.png in Resources */,
				17D932761D379C5100EA323B /* staticmap.png in Resources */,
				26F4B7CD1D2FAA1A007FD43C /* strings.txt in Resources */,
			);
			runOnlyForDeploymentPostprocessing = 0;
		};
/* End PBXResourcesBuildPhase section */

/* Begin PBXShellScriptBuildPhase section */
		01DC7DD35652B3D4C8C7CC5F /* [CP] Embed Pods Frameworks */ = {
			isa = PBXShellScriptBuildPhase;
			buildActionMask = 2147483647;
			files = (
			);
			inputPaths = (
			);
			name = "[CP] Embed Pods Frameworks";
			outputPaths = (
			);
			runOnlyForDeploymentPostprocessing = 0;
			shellPath = /bin/sh;
			shellScript = "\"${SRCROOT}/Pods/Target Support Files/Pods-PP/Pods-PP-frameworks.sh\"\n";
			showEnvVarsInLog = 0;
		};
		26F4B7A01D2F88A4007FD43C /* ShellScript */ = {
			isa = PBXShellScriptBuildPhase;
			buildActionMask = 2147483647;
			files = (
			);
			inputPaths = (
			);
			outputPaths = (
			);
			runOnlyForDeploymentPostprocessing = 0;
			shellPath = /bin/sh;
			shellScript = "twine generate-all-string-files PP/Other/strings.txt PP/Other/Strings";
		};
		2EADB3962CCB429802357670 /* Embed Pods Frameworks */ = {
			isa = PBXShellScriptBuildPhase;
			buildActionMask = 2147483647;
			files = (
			);
			inputPaths = (
			);
			name = "Embed Pods Frameworks";
			outputPaths = (
			);
			runOnlyForDeploymentPostprocessing = 0;
			shellPath = /bin/sh;
			shellScript = "\"${SRCROOT}/Pods/Target Support Files/Pods-PP/Pods-PP-frameworks.sh\"\n";
			showEnvVarsInLog = 0;
		};
		80A636EB7095B95AB932D17F /* [CP] Check Pods Manifest.lock */ = {
			isa = PBXShellScriptBuildPhase;
			buildActionMask = 2147483647;
			files = (
			);
			inputPaths = (
			);
			name = "[CP] Check Pods Manifest.lock";
			outputPaths = (
			);
			runOnlyForDeploymentPostprocessing = 0;
			shellPath = /bin/sh;
			shellScript = "diff \"${PODS_ROOT}/../Podfile.lock\" \"${PODS_ROOT}/Manifest.lock\" > /dev/null\nif [[ $? != 0 ]] ; then\n    cat << EOM\nerror: The sandbox is not in sync with the Podfile.lock. Run 'pod install' or update your CocoaPods installation.\nEOM\n    exit 1\nfi\n";
			showEnvVarsInLog = 0;
		};
		EF8C9F4C092B54000FC48D4D /* [CP] Copy Pods Resources */ = {
			isa = PBXShellScriptBuildPhase;
			buildActionMask = 2147483647;
			files = (
			);
			inputPaths = (
			);
			name = "[CP] Copy Pods Resources";
			outputPaths = (
			);
			runOnlyForDeploymentPostprocessing = 0;
			shellPath = /bin/sh;
			shellScript = "\"${SRCROOT}/Pods/Target Support Files/Pods-PP/Pods-PP-resources.sh\"\n";
			showEnvVarsInLog = 0;
		};
/* End PBXShellScriptBuildPhase section */

/* Begin PBXSourcesBuildPhase section */
		263CBC061D2E62B200AEB3A3 /* Sources */ = {
			isa = PBXSourcesBuildPhase;
			buildActionMask = 2147483647;
			files = (
				17289BFD1D3379A7007C93CE /* UIColor+CC3.m in Sources */,
				3CD374381D34C6B80087B2F4 /* SunOrMoonDataTableViewCell.m in Sources */,
				3C8605331D361A5E00A57326 /* UITableViewCellFixed.m in Sources */,
				26F4B7D31D2FAA1A007FD43C /* ViewController.m in Sources */,
				1710B6BE1D40CF8400507C50 /* Height2DView.m in Sources */,
				3CFCA5DD1D37698F00ED30CF /* GPSSettingViewController.m in Sources */,
				3CE19A881D3F582B0045C3E6 /* LocationModel.m in Sources */,
				1710B6B51D40CEAA00507C50 /* TopToolbarView.m in Sources */,
				269C13C01D339604004865EA /* BLEHelper.m in Sources */,
				26F4B7D11D2FAA1A007FD43C /* MapDetailViewController.m in Sources */,
				17C151781D33878E0084CF31 /* OpenGLViewController.m in Sources */,
				269C13C11D339604004865EA /* LeDiscovery.m in Sources */,
				269C13C21D339604004865EA /* LeValueAlarmService.m in Sources */,
				17D932361D34D56600EA323B /* OpenGLView.m in Sources */,
				26F4B7D41D2FAA1A007FD43C /* WeatherViewController.m in Sources */,
				1710B6301D3F80F800507C50 /* UINavigationController+iOSAutorotation.m in Sources */,
				26E5550B1D3625FA00B1BE52 /* SettingUtils.m in Sources */,
				1710B6BB1D40CF1400507C50 /* GoogleMap2DView.m in Sources */,
				17289BF91D337928007C93CE /* CC3Math.m in Sources */,
				3CD3743C1D34D2B50087B2F4 /* WeatherInfoTableViewCell.m in Sources */,
				17289BF71D337928007C93CE /* CC3GLMatrix.m in Sources */,
				26F4B7CB1D2FAA1A007FD43C /* main.m in Sources */,
				26F4B7D21D2FAA1A007FD43C /* PositionViewController.m in Sources */,
				26F4B7D01D2FAA1A007FD43C /* BLEViewController.m in Sources */,
				263CBC121D2E62B200AEB3A3 /* AppDelegate.m in Sources */,
				17C151891D339ECF0084CF31 /* OpenGLMapSquareView.m in Sources */,
				3CFCA5E11D376ECC00ED30CF /* CommonMethods.m in Sources */,
				17289BF81D337928007C93CE /* CC3Kazmath.c in Sources */,
				26E555011D35490400B1BE52 /* BLEItem.m in Sources */,
				17289BF61D337928007C93CE /* CC3Foundation.m in Sources */,
				1710B69A1D40C75D00507C50 /* Map2DViewController.m in Sources */,
			);
			runOnlyForDeploymentPostprocessing = 0;
		};
/* End PBXSourcesBuildPhase section */

/* Begin PBXVariantGroup section */
		26F4B7B81D2FAA1A007FD43C /* Localizable.strings */ = {
			isa = PBXVariantGroup;
			children = (
				26F4B7B91D2FAA1A007FD43C /* en */,
				26F4B7BA1D2FAA1A007FD43C /* ja */,
			);
			name = Localizable.strings;
			sourceTree = "<group>";
		};
/* End PBXVariantGroup section */

/* Begin XCBuildConfiguration section */
		263CBC1F1D2E62B200AEB3A3 /* Debug */ = {
			isa = XCBuildConfiguration;
			buildSettings = {
				ALWAYS_SEARCH_USER_PATHS = NO;
				CLANG_ANALYZER_NONNULL = YES;
				CLANG_CXX_LANGUAGE_STANDARD = "gnu++0x";
				CLANG_CXX_LIBRARY = "libc++";
				CLANG_ENABLE_MODULES = YES;
				CLANG_ENABLE_OBJC_ARC = YES;
				CLANG_WARN_BOOL_CONVERSION = YES;
				CLANG_WARN_CONSTANT_CONVERSION = YES;
				CLANG_WARN_DIRECT_OBJC_ISA_USAGE = YES_ERROR;
				CLANG_WARN_EMPTY_BODY = YES;
				CLANG_WARN_ENUM_CONVERSION = YES;
				CLANG_WARN_INT_CONVERSION = YES;
				CLANG_WARN_OBJC_ROOT_CLASS = YES_ERROR;
				CLANG_WARN_UNREACHABLE_CODE = YES;
				CLANG_WARN__DUPLICATE_METHOD_MATCH = YES;
				"CODE_SIGN_IDENTITY[sdk=iphoneos*]" = "iPhone Developer";
				COPY_PHASE_STRIP = NO;
				DEBUG_INFORMATION_FORMAT = dwarf;
				ENABLE_STRICT_OBJC_MSGSEND = YES;
				ENABLE_TESTABILITY = YES;
				GCC_C_LANGUAGE_STANDARD = gnu99;
				GCC_DYNAMIC_NO_PIC = NO;
				GCC_NO_COMMON_BLOCKS = YES;
				GCC_OPTIMIZATION_LEVEL = 0;
				GCC_PREPROCESSOR_DEFINITIONS = (
					"DEBUG=1",
					"$(inherited)",
				);
				GCC_WARN_64_TO_32_BIT_CONVERSION = YES;
				GCC_WARN_ABOUT_RETURN_TYPE = YES_ERROR;
				GCC_WARN_UNDECLARED_SELECTOR = YES;
				GCC_WARN_UNINITIALIZED_AUTOS = YES_AGGRESSIVE;
				GCC_WARN_UNUSED_FUNCTION = YES;
				GCC_WARN_UNUSED_VARIABLE = YES;
				IPHONEOS_DEPLOYMENT_TARGET = 8.0;
				MTL_ENABLE_DEBUG_INFO = YES;
				ONLY_ACTIVE_ARCH = YES;
				OTHER_LDFLAGS = "-ObjC";
				SDKROOT = iphoneos;
				TARGETED_DEVICE_FAMILY = "1,2";
			};
			name = Debug;
		};
		263CBC201D2E62B200AEB3A3 /* Release */ = {
			isa = XCBuildConfiguration;
			buildSettings = {
				ALWAYS_SEARCH_USER_PATHS = NO;
				CLANG_ANALYZER_NONNULL = YES;
				CLANG_CXX_LANGUAGE_STANDARD = "gnu++0x";
				CLANG_CXX_LIBRARY = "libc++";
				CLANG_ENABLE_MODULES = YES;
				CLANG_ENABLE_OBJC_ARC = YES;
				CLANG_WARN_BOOL_CONVERSION = YES;
				CLANG_WARN_CONSTANT_CONVERSION = YES;
				CLANG_WARN_DIRECT_OBJC_ISA_USAGE = YES_ERROR;
				CLANG_WARN_EMPTY_BODY = YES;
				CLANG_WARN_ENUM_CONVERSION = YES;
				CLANG_WARN_INT_CONVERSION = YES;
				CLANG_WARN_OBJC_ROOT_CLASS = YES_ERROR;
				CLANG_WARN_UNREACHABLE_CODE = YES;
				CLANG_WARN__DUPLICATE_METHOD_MATCH = YES;
				"CODE_SIGN_IDENTITY[sdk=iphoneos*]" = "iPhone Developer";
				COPY_PHASE_STRIP = NO;
				DEBUG_INFORMATION_FORMAT = "dwarf-with-dsym";
				ENABLE_NS_ASSERTIONS = NO;
				ENABLE_STRICT_OBJC_MSGSEND = YES;
				GCC_C_LANGUAGE_STANDARD = gnu99;
				GCC_NO_COMMON_BLOCKS = YES;
				GCC_WARN_64_TO_32_BIT_CONVERSION = YES;
				GCC_WARN_ABOUT_RETURN_TYPE = YES_ERROR;
				GCC_WARN_UNDECLARED_SELECTOR = YES;
				GCC_WARN_UNINITIALIZED_AUTOS = YES_AGGRESSIVE;
				GCC_WARN_UNUSED_FUNCTION = YES;
				GCC_WARN_UNUSED_VARIABLE = YES;
				IPHONEOS_DEPLOYMENT_TARGET = 8.0;
				MTL_ENABLE_DEBUG_INFO = NO;
				OTHER_LDFLAGS = "-ObjC";
				SDKROOT = iphoneos;
				TARGETED_DEVICE_FAMILY = "1,2";
				VALIDATE_PRODUCT = YES;
			};
			name = Release;
		};
		263CBC221D2E62B200AEB3A3 /* Debug */ = {
			isa = XCBuildConfiguration;
			baseConfigurationReference = EE0C21C9E37F68E56FB01C45 /* Pods-PP.debug.xcconfig */;
			buildSettings = {
				ASSETCATALOG_COMPILER_APPICON_NAME = AppIcon;
				CODE_SIGN_IDENTITY = "iPhone Developer";
				ENABLE_BITCODE = NO;
				GCC_PREFIX_HEADER = "PP/Other/PP-prefix.pch";
				INFOPLIST_FILE = PP/Other/Info.plist;
				IPHONEOS_DEPLOYMENT_TARGET = 8.0;
				LD_RUNPATH_SEARCH_PATHS = "$(inherited) @executable_path/Frameworks";
				ONLY_ACTIVE_ARCH = YES;
				PRODUCT_BUNDLE_IDENTIFIER = com.mcworld.PP;
				PRODUCT_NAME = "$(TARGET_NAME)";
				PROVISIONING_PROFILE = "00960b9d-f460-40d6-b04a-28fd0f822220";
				SUPPORTED_PLATFORMS = "iphonesimulator iphoneos";
			};
			name = Debug;
		};
		263CBC231D2E62B200AEB3A3 /* Release */ = {
			isa = XCBuildConfiguration;
			baseConfigurationReference = 9B8D9826BA750C12AC9FD73D /* Pods-PP.release.xcconfig */;
			buildSettings = {
				ASSETCATALOG_COMPILER_APPICON_NAME = AppIcon;
				CODE_SIGN_IDENTITY = "iPhone Developer";
				DEBUG_INFORMATION_FORMAT = dwarf;
				ENABLE_BITCODE = NO;
				GCC_PREFIX_HEADER = "PP/Other/PP-prefix.pch";
				INFOPLIST_FILE = PP/Other/Info.plist;
				IPHONEOS_DEPLOYMENT_TARGET = 8.0;
				LD_RUNPATH_SEARCH_PATHS = "$(inherited) @executable_path/Frameworks";
				ONLY_ACTIVE_ARCH = YES;
				PRODUCT_BUNDLE_IDENTIFIER = com.mcworld.PP;
				PRODUCT_NAME = "$(TARGET_NAME)";
				PROVISIONING_PROFILE = "00960b9d-f460-40d6-b04a-28fd0f822220";
				SUPPORTED_PLATFORMS = "iphonesimulator iphoneos";
			};
			name = Release;
		};
/* End XCBuildConfiguration section */

/* Begin XCConfigurationList section */
		263CBC051D2E62B200AEB3A3 /* Build configuration list for PBXProject "PP" */ = {
			isa = XCConfigurationList;
			buildConfigurations = (
				263CBC1F1D2E62B200AEB3A3 /* Debug */,
				263CBC201D2E62B200AEB3A3 /* Release */,
			);
			defaultConfigurationIsVisible = 0;
			defaultConfigurationName = Release;
		};
		263CBC211D2E62B200AEB3A3 /* Build configuration list for PBXNativeTarget "PP" */ = {
			isa = XCConfigurationList;
			buildConfigurations = (
				263CBC221D2E62B200AEB3A3 /* Debug */,
				263CBC231D2E62B200AEB3A3 /* Release */,
			);
			defaultConfigurationIsVisible = 0;
			defaultConfigurationName = Release;
		};
/* End XCConfigurationList section */
	};
	rootObject = 263CBC021D2E62B200AEB3A3 /* Project object */;
}
