// !$*UTF8*$!
{
	archiveVersion = 1;
	classes = {
	};
	objectVersion = 46;
	objects = {

/* Begin PBXBuildFile section */
		17289BF61D337928007C93CE /* CC3Foundation.m in Sources */ = {isa = PBXBuildFile; fileRef = 17289BED1D337928007C93CE /* CC3Foundation.m */; settings = {COMPILER_FLAGS = "-fno-objc-arc"; }; };
		17289BF71D337928007C93CE /* CC3GLMatrix.m in Sources */ = {isa = PBXBuildFile; fileRef = 17289BEF1D337928007C93CE /* CC3GLMatrix.m */; settings = {COMPILER_FLAGS = "-fno-objc-arc"; }; };
		17289BF81D337928007C93CE /* CC3Kazmath.c in Sources */ = {isa = PBXBuildFile; fileRef = 17289BF01D337928007C93CE /* CC3Kazmath.c */; settings = {COMPILER_FLAGS = "-fno-objc-arc"; }; };
		17289BF91D337928007C93CE /* CC3Math.m in Sources */ = {isa = PBXBuildFile; fileRef = 17289BF41D337928007C93CE /* CC3Math.m */; settings = {COMPILER_FLAGS = "-fno-objc-arc"; }; };
		17289BFD1D3379A7007C93CE /* UIColor+CC3.m in Sources */ = {isa = PBXBuildFile; fileRef = 17289BFC1D3379A7007C93CE /* UIColor+CC3.m */; };
		17289BFF1D337B5D007C93CE /* OpenGLES.framework in Frameworks */ = {isa = PBXBuildFile; fileRef = 17289BFE1D337B5D007C93CE /* OpenGLES.framework */; };
		178F77251D34D3BB00596B38 /* UIKit.framework in Frameworks */ = {isa = PBXBuildFile; fileRef = 17C151851D3394730084CF31 /* UIKit.framework */; };
		178F77261D34D3CD00596B38 /* CoreGraphics.framework in Frameworks */ = {isa = PBXBuildFile; fileRef = 178F77231D34D34100596B38 /* CoreGraphics.framework */; };
		178F77271D34D3E400596B38 /* Foundation.framework in Frameworks */ = {isa = PBXBuildFile; fileRef = 178F77211D34D33500596B38 /* Foundation.framework */; };
		17C151781D33878E0084CF31 /* OpenGLViewController.m in Sources */ = {isa = PBXBuildFile; fileRef = 17C151771D33878E0084CF31 /* OpenGLViewController.m */; };
		17C1517B1D3391950084CF31 /* SimpleFragment.glsl in Resources */ = {isa = PBXBuildFile; fileRef = 17C151791D3391950084CF31 /* SimpleFragment.glsl */; };
		17C1517C1D3391950084CF31 /* SimpleVertex.glsl in Resources */ = {isa = PBXBuildFile; fileRef = 17C1517A1D3391950084CF31 /* SimpleVertex.glsl */; };
		17C151801D3392430084CF31 /* item_powerup_fish.png in Resources */ = {isa = PBXBuildFile; fileRef = 17C1517E1D3392430084CF31 /* item_powerup_fish.png */; };
		17C151811D3392430084CF31 /* tile_floor.png in Resources */ = {isa = PBXBuildFile; fileRef = 17C1517F1D3392430084CF31 /* tile_floor.png */; };
		17C151841D33943C0084CF31 /* QuartzCore.framework in Frameworks */ = {isa = PBXBuildFile; fileRef = 17C151831D33943C0084CF31 /* QuartzCore.framework */; };
		17C151891D339ECF0084CF31 /* OpenGLMapSquareView.m in Sources */ = {isa = PBXBuildFile; fileRef = 17C151881D339ECF0084CF31 /* OpenGLMapSquareView.m */; };
		17D932361D34D56600EA323B /* OpenGLView.m in Sources */ = {isa = PBXBuildFile; fileRef = 17D932351D34D56600EA323B /* OpenGLView.m */; };
		263CBC121D2E62B200AEB3A3 /* AppDelegate.m in Sources */ = {isa = PBXBuildFile; fileRef = 263CBC111D2E62B200AEB3A3 /* AppDelegate.m */; };
		263CBC1A1D2E62B200AEB3A3 /* Assets.xcassets in Resources */ = {isa = PBXBuildFile; fileRef = 263CBC191D2E62B200AEB3A3 /* Assets.xcassets */; };
		269C13C01D339604004865EA /* BLEHelper.m in Sources */ = {isa = PBXBuildFile; fileRef = 269C13BB1D339604004865EA /* BLEHelper.m */; };
		269C13C11D339604004865EA /* LeDiscovery.m in Sources */ = {isa = PBXBuildFile; fileRef = 269C13BD1D339604004865EA /* LeDiscovery.m */; };
		269C13C21D339604004865EA /* LeValueAlarmService.m in Sources */ = {isa = PBXBuildFile; fileRef = 269C13BF1D339604004865EA /* LeValueAlarmService.m */; };
		26F4B7CA1D2FAA1A007FD43C /* Info.plist in Resources */ = {isa = PBXBuildFile; fileRef = 26F4B7B51D2FAA1A007FD43C /* Info.plist */; };
		26F4B7CB1D2FAA1A007FD43C /* main.m in Sources */ = {isa = PBXBuildFile; fileRef = 26F4B7B61D2FAA1A007FD43C /* main.m */; };
		26F4B7CC1D2FAA1A007FD43C /* Localizable.strings in Resources */ = {isa = PBXBuildFile; fileRef = 26F4B7B81D2FAA1A007FD43C /* Localizable.strings */; };
		26F4B7CD1D2FAA1A007FD43C /* strings.txt in Resources */ = {isa = PBXBuildFile; fileRef = 26F4B7BB1D2FAA1A007FD43C /* strings.txt */; };
		26F4B7CE1D2FAA1A007FD43C /* LaunchScreen.storyboard in Resources */ = {isa = PBXBuildFile; fileRef = 26F4B7BD1D2FAA1A007FD43C /* LaunchScreen.storyboard */; };
		26F4B7CF1D2FAA1A007FD43C /* Main.storyboard in Resources */ = {isa = PBXBuildFile; fileRef = 26F4B7BE1D2FAA1A007FD43C /* Main.storyboard */; };
		26F4B7D01D2FAA1A007FD43C /* BLEViewController.m in Sources */ = {isa = PBXBuildFile; fileRef = 26F4B7C11D2FAA1A007FD43C /* BLEViewController.m */; };
		26F4B7D11D2FAA1A007FD43C /* MapDetailViewController.m in Sources */ = {isa = PBXBuildFile; fileRef = 26F4B7C31D2FAA1A007FD43C /* MapDetailViewController.m */; };
		26F4B7D21D2FAA1A007FD43C /* PositionViewController.m in Sources */ = {isa = PBXBuildFile; fileRef = 26F4B7C51D2FAA1A007FD43C /* PositionViewController.m */; };
		26F4B7D31D2FAA1A007FD43C /* ViewController.m in Sources */ = {isa = PBXBuildFile; fileRef = 26F4B7C71D2FAA1A007FD43C /* ViewController.m */; };
		26F4B7D41D2FAA1A007FD43C /* WeatherViewController.m in Sources */ = {isa = PBXBuildFile; fileRef = 26F4B7C91D2FAA1A007FD43C /* WeatherViewController.m */; };
		5885BACA5EBFB577458BFF89 /* libPods-PP.a in Frameworks */ = {isa = PBXBuildFile; fileRef = D5FD39EBEEE610B3BDEA1A1B /* libPods-PP.a */; };
/* End PBXBuildFile section */

/* Begin PBXFileReference section */
		17289BEC1D337928007C93CE /* CC3Foundation.h */ = {isa = PBXFileReference; fileEncoding = 4; lastKnownFileType = sourcecode.c.h; name = CC3Foundation.h; path = 3DMath/CC3Foundation.h; sourceTree = "<group>"; };
		17289BED1D337928007C93CE /* CC3Foundation.m */ = {isa = PBXFileReference; fileEncoding = 4; lastKnownFileType = sourcecode.c.objc; name = CC3Foundation.m; path = 3DMath/CC3Foundation.m; sourceTree = "<group>"; };
		17289BEE1D337928007C93CE /* CC3GLMatrix.h */ = {isa = PBXFileReference; fileEncoding = 4; lastKnownFileType = sourcecode.c.h; name = CC3GLMatrix.h; path = 3DMath/CC3GLMatrix.h; sourceTree = "<group>"; };
		17289BEF1D337928007C93CE /* CC3GLMatrix.m */ = {isa = PBXFileReference; fileEncoding = 4; lastKnownFileType = sourcecode.c.objc; name = CC3GLMatrix.m; path = 3DMath/CC3GLMatrix.m; sourceTree = "<group>"; };
		17289BF01D337928007C93CE /* CC3Kazmath.c */ = {isa = PBXFileReference; fileEncoding = 4; lastKnownFileType = sourcecode.c.c; name = CC3Kazmath.c; path = 3DMath/CC3Kazmath.c; sourceTree = "<group>"; };
		17289BF11D337928007C93CE /* CC3Kazmath.h */ = {isa = PBXFileReference; fileEncoding = 4; lastKnownFileType = sourcecode.c.h; name = CC3Kazmath.h; path = 3DMath/CC3Kazmath.h; sourceTree = "<group>"; };
		17289BF21D337928007C93CE /* CC3Logging.h */ = {isa = PBXFileReference; fileEncoding = 4; lastKnownFileType = sourcecode.c.h; name = CC3Logging.h; path = 3DMath/CC3Logging.h; sourceTree = "<group>"; };
		17289BF31D337928007C93CE /* CC3Math.h */ = {isa = PBXFileReference; fileEncoding = 4; lastKnownFileType = sourcecode.c.h; name = CC3Math.h; path = 3DMath/CC3Math.h; sourceTree = "<group>"; };
		17289BF41D337928007C93CE /* CC3Math.m */ = {isa = PBXFileReference; fileEncoding = 4; lastKnownFileType = sourcecode.c.objc; name = CC3Math.m; path = 3DMath/CC3Math.m; sourceTree = "<group>"; };
		17289BF51D337928007C93CE /* ccTypes.h */ = {isa = PBXFileReference; fileEncoding = 4; lastKnownFileType = sourcecode.c.h; name = ccTypes.h; path = 3DMath/ccTypes.h; sourceTree = "<group>"; };
		17289BFB1D3379A7007C93CE /* UIColor+CC3.h */ = {isa = PBXFileReference; fileEncoding = 4; lastKnownFileType = sourcecode.c.h; name = "UIColor+CC3.h"; path = "3DMath/UIColor+CC3.h"; sourceTree = "<group>"; };
		17289BFC1D3379A7007C93CE /* UIColor+CC3.m */ = {isa = PBXFileReference; fileEncoding = 4; lastKnownFileType = sourcecode.c.objc; name = "UIColor+CC3.m"; path = "3DMath/UIColor+CC3.m"; sourceTree = "<group>"; };
		17289BFE1D337B5D007C93CE /* OpenGLES.framework */ = {isa = PBXFileReference; lastKnownFileType = wrapper.framework; name = OpenGLES.framework; path = System/Library/Frameworks/OpenGLES.framework; sourceTree = SDKROOT; };
		178F77211D34D33500596B38 /* Foundation.framework */ = {isa = PBXFileReference; lastKnownFileType = wrapper.framework; name = Foundation.framework; path = System/Library/Frameworks/Foundation.framework; sourceTree = SDKROOT; };
		178F77231D34D34100596B38 /* CoreGraphics.framework */ = {isa = PBXFileReference; lastKnownFileType = wrapper.framework; name = CoreGraphics.framework; path = System/Library/Frameworks/CoreGraphics.framework; sourceTree = SDKROOT; };
		17C151761D33878E0084CF31 /* OpenGLViewController.h */ = {isa = PBXFileReference; fileEncoding = 4; lastKnownFileType = sourcecode.c.h; path = OpenGLViewController.h; sourceTree = "<group>"; };
		17C151771D33878E0084CF31 /* OpenGLViewController.m */ = {isa = PBXFileReference; fileEncoding = 4; lastKnownFileType = sourcecode.c.objc; path = OpenGLViewController.m; sourceTree = "<group>"; };
		17C151791D3391950084CF31 /* SimpleFragment.glsl */ = {isa = PBXFileReference; fileEncoding = 4; lastKnownFileType = text; name = SimpleFragment.glsl; path = 3DData/SimpleFragment.glsl; sourceTree = "<group>"; };
		17C1517A1D3391950084CF31 /* SimpleVertex.glsl */ = {isa = PBXFileReference; fileEncoding = 4; lastKnownFileType = text; name = SimpleVertex.glsl; path = 3DData/SimpleVertex.glsl; sourceTree = "<group>"; };
		17C1517E1D3392430084CF31 /* item_powerup_fish.png */ = {isa = PBXFileReference; lastKnownFileType = image.png; name = item_powerup_fish.png; path = 3DImages/item_powerup_fish.png; sourceTree = "<group>"; };
		17C1517F1D3392430084CF31 /* tile_floor.png */ = {isa = PBXFileReference; lastKnownFileType = image.png; name = tile_floor.png; path = 3DImages/tile_floor.png; sourceTree = "<group>"; };
		17C151831D33943C0084CF31 /* QuartzCore.framework */ = {isa = PBXFileReference; lastKnownFileType = wrapper.framework; name = QuartzCore.framework; path = System/Library/Frameworks/QuartzCore.framework; sourceTree = SDKROOT; };
		17C151851D3394730084CF31 /* UIKit.framework */ = {isa = PBXFileReference; lastKnownFileType = wrapper.framework; name = UIKit.framework; path = System/Library/Frameworks/UIKit.framework; sourceTree = SDKROOT; };
		17C151871D339ECF0084CF31 /* OpenGLMapSquareView.h */ = {isa = PBXFileReference; fileEncoding = 4; lastKnownFileType = sourcecode.c.h; name = OpenGLMapSquareView.h; path = 3DItems/OpenGLMapSquareView.h; sourceTree = "<group>"; };
		17C151881D339ECF0084CF31 /* OpenGLMapSquareView.m */ = {isa = PBXFileReference; fileEncoding = 4; lastKnownFileType = sourcecode.c.objc; name = OpenGLMapSquareView.m; path = 3DItems/OpenGLMapSquareView.m; sourceTree = "<group>"; };
		17D932341D34D56600EA323B /* OpenGLView.h */ = {isa = PBXFileReference; fileEncoding = 4; lastKnownFileType = sourcecode.c.h; name = OpenGLView.h; path = 3DItems/OpenGLView.h; sourceTree = "<group>"; };
		17D932351D34D56600EA323B /* OpenGLView.m */ = {isa = PBXFileReference; fileEncoding = 4; lastKnownFileType = sourcecode.c.objc; name = OpenGLView.m; path = 3DItems/OpenGLView.m; sourceTree = "<group>"; };
		263CBC0A1D2E62B200AEB3A3 /* PP.app */ = {isa = PBXFileReference; explicitFileType = wrapper.application; includeInIndex = 0; path = PP.app; sourceTree = BUILT_PRODUCTS_DIR; };
		263CBC101D2E62B200AEB3A3 /* AppDelegate.h */ = {isa = PBXFileReference; lastKnownFileType = sourcecode.c.h; path = AppDelegate.h; sourceTree = "<group>"; };
		263CBC111D2E62B200AEB3A3 /* AppDelegate.m */ = {isa = PBXFileReference; lastKnownFileType = sourcecode.c.objc; path = AppDelegate.m; sourceTree = "<group>"; };
		263CBC191D2E62B200AEB3A3 /* Assets.xcassets */ = {isa = PBXFileReference; lastKnownFileType = folder.assetcatalog; path = Assets.xcassets; sourceTree = "<group>"; };
		269C13BA1D339604004865EA /* BLEHelper.h */ = {isa = PBXFileReference; fileEncoding = 4; lastKnownFileType = sourcecode.c.h; path = BLEHelper.h; sourceTree = "<group>"; };
		269C13BB1D339604004865EA /* BLEHelper.m */ = {isa = PBXFileReference; fileEncoding = 4; lastKnownFileType = sourcecode.c.objc; path = BLEHelper.m; sourceTree = "<group>"; };
		269C13BC1D339604004865EA /* LeDiscovery.h */ = {isa = PBXFileReference; fileEncoding = 4; lastKnownFileType = sourcecode.c.h; path = LeDiscovery.h; sourceTree = "<group>"; };
		269C13BD1D339604004865EA /* LeDiscovery.m */ = {isa = PBXFileReference; fileEncoding = 4; lastKnownFileType = sourcecode.c.objc; path = LeDiscovery.m; sourceTree = "<group>"; };
		269C13BE1D339604004865EA /* LeValueAlarmService.h */ = {isa = PBXFileReference; fileEncoding = 4; lastKnownFileType = sourcecode.c.h; path = LeValueAlarmService.h; sourceTree = "<group>"; };
		269C13BF1D339604004865EA /* LeValueAlarmService.m */ = {isa = PBXFileReference; fileEncoding = 4; lastKnownFileType = sourcecode.c.objc; path = LeValueAlarmService.m; sourceTree = "<group>"; };
		26F4B7B51D2FAA1A007FD43C /* Info.plist */ = {isa = PBXFileReference; fileEncoding = 4; lastKnownFileType = text.plist.xml; path = Info.plist; sourceTree = "<group>"; };
		26F4B7B61D2FAA1A007FD43C /* main.m */ = {isa = PBXFileReference; fileEncoding = 4; lastKnownFileType = sourcecode.c.objc; path = main.m; sourceTree = "<group>"; };
		26F4B7B91D2FAA1A007FD43C /* en */ = {isa = PBXFileReference; lastKnownFileType = text.plist.strings; name = en; path = en.lproj/Localizable.strings; sourceTree = "<group>"; };
		26F4B7BA1D2FAA1A007FD43C /* ja */ = {isa = PBXFileReference; lastKnownFileType = text.plist.strings; name = ja; path = ja.lproj/Localizable.strings; sourceTree = "<group>"; };
		26F4B7BB1D2FAA1A007FD43C /* strings.txt */ = {isa = PBXFileReference; fileEncoding = 4; lastKnownFileType = text; path = strings.txt; sourceTree = "<group>"; };
		26F4B7BD1D2FAA1A007FD43C /* LaunchScreen.storyboard */ = {isa = PBXFileReference; fileEncoding = 4; lastKnownFileType = file.storyboard; path = LaunchScreen.storyboard; sourceTree = "<group>"; };
		26F4B7BE1D2FAA1A007FD43C /* Main.storyboard */ = {isa = PBXFileReference; fileEncoding = 4; lastKnownFileType = file.storyboard; path = Main.storyboard; sourceTree = "<group>"; };
		26F4B7C01D2FAA1A007FD43C /* BLEViewController.h */ = {isa = PBXFileReference; fileEncoding = 4; lastKnownFileType = sourcecode.c.h; path = BLEViewController.h; sourceTree = "<group>"; };
		26F4B7C11D2FAA1A007FD43C /* BLEViewController.m */ = {isa = PBXFileReference; fileEncoding = 4; lastKnownFileType = sourcecode.c.objc; path = BLEViewController.m; sourceTree = "<group>"; };
		26F4B7C21D2FAA1A007FD43C /* MapDetailViewController.h */ = {isa = PBXFileReference; fileEncoding = 4; lastKnownFileType = sourcecode.c.h; path = MapDetailViewController.h; sourceTree = "<group>"; };
		26F4B7C31D2FAA1A007FD43C /* MapDetailViewController.m */ = {isa = PBXFileReference; fileEncoding = 4; lastKnownFileType = sourcecode.c.objc; path = MapDetailViewController.m; sourceTree = "<group>"; };
		26F4B7C41D2FAA1A007FD43C /* PositionViewController.h */ = {isa = PBXFileReference; fileEncoding = 4; lastKnownFileType = sourcecode.c.h; path = PositionViewController.h; sourceTree = "<group>"; };
		26F4B7C51D2FAA1A007FD43C /* PositionViewController.m */ = {isa = PBXFileReference; fileEncoding = 4; lastKnownFileType = sourcecode.c.objc; path = PositionViewController.m; sourceTree = "<group>"; };
		26F4B7C61D2FAA1A007FD43C /* ViewController.h */ = {isa = PBXFileReference; fileEncoding = 4; lastKnownFileType = sourcecode.c.h; path = ViewController.h; sourceTree = "<group>"; };
		26F4B7C71D2FAA1A007FD43C /* ViewController.m */ = {isa = PBXFileReference; fileEncoding = 4; lastKnownFileType = sourcecode.c.objc; path = ViewController.m; sourceTree = "<group>"; };
		26F4B7C81D2FAA1A007FD43C /* WeatherViewController.h */ = {isa = PBXFileReference; fileEncoding = 4; lastKnownFileType = sourcecode.c.h; path = WeatherViewController.h; sourceTree = "<group>"; };
		26F4B7C91D2FAA1A007FD43C /* WeatherViewController.m */ = {isa = PBXFileReference; fileEncoding = 4; lastKnownFileType = sourcecode.c.objc; path = WeatherViewController.m; sourceTree = "<group>"; };
		7719B105CDE9B51A0E56DAD7 /* Pods-PP.release.xcconfig */ = {isa = PBXFileReference; includeInIndex = 1; lastKnownFileType = text.xcconfig; name = "Pods-PP.release.xcconfig"; path = "Pods/Target Support Files/Pods-PP/Pods-PP.release.xcconfig"; sourceTree = "<group>"; };
		994779ABB72AE2119AE3498B /* Pods-PP.debug.xcconfig */ = {isa = PBXFileReference; includeInIndex = 1; lastKnownFileType = text.xcconfig; name = "Pods-PP.debug.xcconfig"; path = "Pods/Target Support Files/Pods-PP/Pods-PP.debug.xcconfig"; sourceTree = "<group>"; };
		D5FD39EBEEE610B3BDEA1A1B /* libPods-PP.a */ = {isa = PBXFileReference; explicitFileType = archive.ar; includeInIndex = 0; path = "libPods-PP.a"; sourceTree = BUILT_PRODUCTS_DIR; };
/* End PBXFileReference section */

/* Begin PBXFrameworksBuildPhase section */
		263CBC071D2E62B200AEB3A3 /* Frameworks */ = {
			isa = PBXFrameworksBuildPhase;
			buildActionMask = 2147483647;
			files = (
				178F77271D34D3E400596B38 /* Foundation.framework in Frameworks */,
				178F77261D34D3CD00596B38 /* CoreGraphics.framework in Frameworks */,
				178F77251D34D3BB00596B38 /* UIKit.framework in Frameworks */,
				17C151841D33943C0084CF31 /* QuartzCore.framework in Frameworks */,
				17289BFF1D337B5D007C93CE /* OpenGLES.framework in Frameworks */,
				5885BACA5EBFB577458BFF89 /* libPods-PP.a in Frameworks */,
			);
			runOnlyForDeploymentPostprocessing = 0;
		};
/* End PBXFrameworksBuildPhase section */

/* Begin PBXGroup section */
		17289BEB1D3378E5007C93CE /* 3DItems */ = {
			isa = PBXGroup;
			children = (
				17D932341D34D56600EA323B /* OpenGLView.h */,
				17D932351D34D56600EA323B /* OpenGLView.m */,
				17C151871D339ECF0084CF31 /* OpenGLMapSquareView.h */,
				17C151881D339ECF0084CF31 /* OpenGLMapSquareView.m */,
			);
			name = 3DItems;
			sourceTree = "<group>";
		};
		17289BFA1D33792E007C93CE /* 3DMath */ = {
			isa = PBXGroup;
			children = (
				17289BEC1D337928007C93CE /* CC3Foundation.h */,
				17289BED1D337928007C93CE /* CC3Foundation.m */,
				17289BEE1D337928007C93CE /* CC3GLMatrix.h */,
				17289BEF1D337928007C93CE /* CC3GLMatrix.m */,
				17289BF01D337928007C93CE /* CC3Kazmath.c */,
				17289BF11D337928007C93CE /* CC3Kazmath.h */,
				17289BF21D337928007C93CE /* CC3Logging.h */,
				17289BF31D337928007C93CE /* CC3Math.h */,
				17289BF41D337928007C93CE /* CC3Math.m */,
				17289BF51D337928007C93CE /* ccTypes.h */,
				17289BFB1D3379A7007C93CE /* UIColor+CC3.h */,
				17289BFC1D3379A7007C93CE /* UIColor+CC3.m */,
			);
			name = 3DMath;
			sourceTree = "<group>";
		};
		17C1517D1D33919A0084CF31 /* 3DData */ = {
			isa = PBXGroup;
			children = (
				17C151791D3391950084CF31 /* SimpleFragment.glsl */,
				17C1517A1D3391950084CF31 /* SimpleVertex.glsl */,
			);
			name = 3DData;
			sourceTree = "<group>";
		};
		17C151821D3392470084CF31 /* 3DArt */ = {
			isa = PBXGroup;
			children = (
				17C1517E1D3392430084CF31 /* item_powerup_fish.png */,
				17C1517F1D3392430084CF31 /* tile_floor.png */,
			);
			name = 3DArt;
			sourceTree = "<group>";
		};
		263CBC011D2E62B200AEB3A3 = {
			isa = PBXGroup;
			children = (
				263CBC0C1D2E62B200AEB3A3 /* PP */,
				263CBC0B1D2E62B200AEB3A3 /* Products */,
				C9F635770A372A9307CC5A0A /* Frameworks */,
				A8261E4400D52F2EDDC2B294 /* Pods */,
			);
			sourceTree = "<group>";
		};
		263CBC0B1D2E62B200AEB3A3 /* Products */ = {
			isa = PBXGroup;
			children = (
				263CBC0A1D2E62B200AEB3A3 /* PP.app */,
			);
			name = Products;
			sourceTree = "<group>";
		};
		263CBC0C1D2E62B200AEB3A3 /* PP */ = {
			isa = PBXGroup;
			children = (
				17C151821D3392470084CF31 /* 3DArt */,
				17C1517D1D33919A0084CF31 /* 3DData */,
				17289BFA1D33792E007C93CE /* 3DMath */,
				17289BEB1D3378E5007C93CE /* 3DItems */,
				269C13B91D339604004865EA /* BLE */,
				26F4B7B41D2FAA1A007FD43C /* Other */,
				26F4B7BC1D2FAA1A007FD43C /* Storyboards */,
				26F4B7BF1D2FAA1A007FD43C /* ViewController */,
				263CBC101D2E62B200AEB3A3 /* AppDelegate.h */,
				263CBC111D2E62B200AEB3A3 /* AppDelegate.m */,
				263CBC191D2E62B200AEB3A3 /* Assets.xcassets */,
			);
			path = PP;
			sourceTree = "<group>";
		};
		269C13B91D339604004865EA /* BLE */ = {
			isa = PBXGroup;
			children = (
				269C13BA1D339604004865EA /* BLEHelper.h */,
				269C13BB1D339604004865EA /* BLEHelper.m */,
				269C13BC1D339604004865EA /* LeDiscovery.h */,
				269C13BD1D339604004865EA /* LeDiscovery.m */,
				269C13BE1D339604004865EA /* LeValueAlarmService.h */,
				269C13BF1D339604004865EA /* LeValueAlarmService.m */,
			);
			path = BLE;
			sourceTree = "<group>";
		};
		26F4B7B41D2FAA1A007FD43C /* Other */ = {
			isa = PBXGroup;
			children = (
				26F4B7B51D2FAA1A007FD43C /* Info.plist */,
				26F4B7B61D2FAA1A007FD43C /* main.m */,
				26F4B7B71D2FAA1A007FD43C /* Strings */,
				26F4B7BB1D2FAA1A007FD43C /* strings.txt */,
			);
			path = Other;
			sourceTree = "<group>";
		};
		26F4B7B71D2FAA1A007FD43C /* Strings */ = {
			isa = PBXGroup;
			children = (
				26F4B7B81D2FAA1A007FD43C /* Localizable.strings */,
			);
			path = Strings;
			sourceTree = "<group>";
		};
		26F4B7BC1D2FAA1A007FD43C /* Storyboards */ = {
			isa = PBXGroup;
			children = (
				26F4B7BD1D2FAA1A007FD43C /* LaunchScreen.storyboard */,
				26F4B7BE1D2FAA1A007FD43C /* Main.storyboard */,
			);
			path = Storyboards;
			sourceTree = "<group>";
		};
		26F4B7BF1D2FAA1A007FD43C /* ViewController */ = {
			isa = PBXGroup;
			children = (
				26F4B7C01D2FAA1A007FD43C /* BLEViewController.h */,
				26F4B7C11D2FAA1A007FD43C /* BLEViewController.m */,
				26F4B7C21D2FAA1A007FD43C /* MapDetailViewController.h */,
				26F4B7C31D2FAA1A007FD43C /* MapDetailViewController.m */,
				26F4B7C41D2FAA1A007FD43C /* PositionViewController.h */,
				26F4B7C51D2FAA1A007FD43C /* PositionViewController.m */,
				26F4B7C61D2FAA1A007FD43C /* ViewController.h */,
				26F4B7C71D2FAA1A007FD43C /* ViewController.m */,
				26F4B7C81D2FAA1A007FD43C /* WeatherViewController.h */,
				26F4B7C91D2FAA1A007FD43C /* WeatherViewController.m */,
				17C151761D33878E0084CF31 /* OpenGLViewController.h */,
				17C151771D33878E0084CF31 /* OpenGLViewController.m */,
			);
			path = ViewController;
			sourceTree = "<group>";
		};
		A8261E4400D52F2EDDC2B294 /* Pods */ = {
			isa = PBXGroup;
			children = (
				994779ABB72AE2119AE3498B /* Pods-PP.debug.xcconfig */,
				7719B105CDE9B51A0E56DAD7 /* Pods-PP.release.xcconfig */,
			);
			name = Pods;
			sourceTree = "<group>";
		};
		C9F635770A372A9307CC5A0A /* Frameworks */ = {
			isa = PBXGroup;
			children = (
				178F77231D34D34100596B38 /* CoreGraphics.framework */,
				178F77211D34D33500596B38 /* Foundation.framework */,
				17C151851D3394730084CF31 /* UIKit.framework */,
				17C151831D33943C0084CF31 /* QuartzCore.framework */,
				17289BFE1D337B5D007C93CE /* OpenGLES.framework */,
				D5FD39EBEEE610B3BDEA1A1B /* libPods-PP.a */,
			);
			name = Frameworks;
			sourceTree = "<group>";
		};
/* End PBXGroup section */

/* Begin PBXNativeTarget section */
		263CBC091D2E62B200AEB3A3 /* PP */ = {
			isa = PBXNativeTarget;
			buildConfigurationList = 263CBC211D2E62B200AEB3A3 /* Build configuration list for PBXNativeTarget "PP" */;
			buildPhases = (
				80A636EB7095B95AB932D17F /* [CP] Check Pods Manifest.lock */,
				263CBC061D2E62B200AEB3A3 /* Sources */,
				263CBC081D2E62B200AEB3A3 /* Resources */,
				263CBC071D2E62B200AEB3A3 /* Frameworks */,
				26F4B7A01D2F88A4007FD43C /* ShellScript */,
				01DC7DD35652B3D4C8C7CC5F /* [CP] Embed Pods Frameworks */,
				EF8C9F4C092B54000FC48D4D /* [CP] Copy Pods Resources */,
			);
			buildRules = (
			);
			dependencies = (
			);
			name = PP;
			productName = PP;
			productReference = 263CBC0A1D2E62B200AEB3A3 /* PP.app */;
			productType = "com.apple.product-type.application";
		};
/* End PBXNativeTarget section */

/* Begin PBXProject section */
		263CBC021D2E62B200AEB3A3 /* Project object */ = {
			isa = PBXProject;
			attributes = {
				LastUpgradeCheck = 0730;
				ORGANIZATIONNAME = IVC;
				TargetAttributes = {
					263CBC091D2E62B200AEB3A3 = {
						CreatedOnToolsVersion = 7.3;
					};
				};
			};
			buildConfigurationList = 263CBC051D2E62B200AEB3A3 /* Build configuration list for PBXProject "PP" */;
			compatibilityVersion = "Xcode 3.2";
			developmentRegion = English;
			hasScannedForEncodings = 0;
			knownRegions = (
				en,
				Base,
				ja,
			);
			mainGroup = 263CBC011D2E62B200AEB3A3;
			productRefGroup = 263CBC0B1D2E62B200AEB3A3 /* Products */;
			projectDirPath = "";
			projectRoot = "";
			targets = (
				263CBC091D2E62B200AEB3A3 /* PP */,
			);
		};
/* End PBXProject section */

/* Begin PBXResourcesBuildPhase section */
		263CBC081D2E62B200AEB3A3 /* Resources */ = {
			isa = PBXResourcesBuildPhase;
			buildActionMask = 2147483647;
			files = (
				26F4B7CA1D2FAA1A007FD43C /* Info.plist in Resources */,
				17C1517C1D3391950084CF31 /* SimpleVertex.glsl in Resources */,
				26F4B7CC1D2FAA1A007FD43C /* Localizable.strings in Resources */,
				17C1517B1D3391950084CF31 /* SimpleFragment.glsl in Resources */,
				263CBC1A1D2E62B200AEB3A3 /* Assets.xcassets in Resources */,
				17C151801D3392430084CF31 /* item_powerup_fish.png in Resources */,
				17C151811D3392430084CF31 /* tile_floor.png in Resources */,
				26F4B7CF1D2FAA1A007FD43C /* Main.storyboard in Resources */,
				26F4B7CE1D2FAA1A007FD43C /* LaunchScreen.storyboard in Resources */,
				26F4B7CD1D2FAA1A007FD43C /* strings.txt in Resources */,
			);
			runOnlyForDeploymentPostprocessing = 0;
		};
/* End PBXResourcesBuildPhase section */

/* Begin PBXShellScriptBuildPhase section */
		01DC7DD35652B3D4C8C7CC5F /* [CP] Embed Pods Frameworks */ = {
			isa = PBXShellScriptBuildPhase;
			buildActionMask = 2147483647;
			files = (
			);
			inputPaths = (
			);
			name = "[CP] Embed Pods Frameworks";
			outputPaths = (
			);
			runOnlyForDeploymentPostprocessing = 0;
			shellPath = /bin/sh;
			shellScript = "\"${SRCROOT}/Pods/Target Support Files/Pods-PP/Pods-PP-frameworks.sh\"\n";
			showEnvVarsInLog = 0;
		};
		26F4B7A01D2F88A4007FD43C /* ShellScript */ = {
			isa = PBXShellScriptBuildPhase;
			buildActionMask = 2147483647;
			files = (
			);
			inputPaths = (
			);
			outputPaths = (
			);
			runOnlyForDeploymentPostprocessing = 0;
			shellPath = /bin/sh;
			shellScript = "twine generate-all-string-files PP/Other/strings.txt PP/Other/Strings";
		};
		80A636EB7095B95AB932D17F /* [CP] Check Pods Manifest.lock */ = {
			isa = PBXShellScriptBuildPhase;
			buildActionMask = 2147483647;
			files = (
			);
			inputPaths = (
			);
			name = "[CP] Check Pods Manifest.lock";
			outputPaths = (
			);
			runOnlyForDeploymentPostprocessing = 0;
			shellPath = /bin/sh;
			shellScript = "diff \"${PODS_ROOT}/../Podfile.lock\" \"${PODS_ROOT}/Manifest.lock\" > /dev/null\nif [[ $? != 0 ]] ; then\n    cat << EOM\nerror: The sandbox is not in sync with the Podfile.lock. Run 'pod install' or update your CocoaPods installation.\nEOM\n    exit 1\nfi\n";
			showEnvVarsInLog = 0;
		};
		EF8C9F4C092B54000FC48D4D /* [CP] Copy Pods Resources */ = {
			isa = PBXShellScriptBuildPhase;
			buildActionMask = 2147483647;
			files = (
			);
			inputPaths = (
			);
			name = "[CP] Copy Pods Resources";
			outputPaths = (
			);
			runOnlyForDeploymentPostprocessing = 0;
			shellPath = /bin/sh;
			shellScript = "\"${SRCROOT}/Pods/Target Support Files/Pods-PP/Pods-PP-resources.sh\"\n";
			showEnvVarsInLog = 0;
		};
/* End PBXShellScriptBuildPhase section */

/* Begin PBXSourcesBuildPhase section */
		263CBC061D2E62B200AEB3A3 /* Sources */ = {
			isa = PBXSourcesBuildPhase;
			buildActionMask = 2147483647;
			files = (
				17289BFD1D3379A7007C93CE /* UIColor+CC3.m in Sources */,
				26F4B7D31D2FAA1A007FD43C /* ViewController.m in Sources */,
				269C13C01D339604004865EA /* BLEHelper.m in Sources */,
				26F4B7D11D2FAA1A007FD43C /* MapDetailViewController.m in Sources */,
				17C151781D33878E0084CF31 /* OpenGLViewController.m in Sources */,
				269C13C11D339604004865EA /* LeDiscovery.m in Sources */,
				269C13C21D339604004865EA /* LeValueAlarmService.m in Sources */,
				17D932361D34D56600EA323B /* OpenGLView.m in Sources */,
				26F4B7D41D2FAA1A007FD43C /* WeatherViewController.m in Sources */,
				17289BF91D337928007C93CE /* CC3Math.m in Sources */,
				17289BF71D337928007C93CE /* CC3GLMatrix.m in Sources */,
				26F4B7CB1D2FAA1A007FD43C /* main.m in Sources */,
				26F4B7D21D2FAA1A007FD43C /* PositionViewController.m in Sources */,
				26F4B7D01D2FAA1A007FD43C /* BLEViewController.m in Sources */,
				263CBC121D2E62B200AEB3A3 /* AppDelegate.m in Sources */,
				17C151891D339ECF0084CF31 /* OpenGLMapSquareView.m in Sources */,
				17289BF81D337928007C93CE /* CC3Kazmath.c in Sources */,
				17289BF61D337928007C93CE /* CC3Foundation.m in Sources */,
			);
			runOnlyForDeploymentPostprocessing = 0;
		};
/* End PBXSourcesBuildPhase section */

/* Begin PBXVariantGroup section */
		26F4B7B81D2FAA1A007FD43C /* Localizable.strings */ = {
			isa = PBXVariantGroup;
			children = (
				26F4B7B91D2FAA1A007FD43C /* en */,
				26F4B7BA1D2FAA1A007FD43C /* ja */,
			);
			name = Localizable.strings;
			sourceTree = "<group>";
		};
/* End PBXVariantGroup section */

/* Begin XCBuildConfiguration section */
		263CBC1F1D2E62B200AEB3A3 /* Debug */ = {
			isa = XCBuildConfiguration;
			buildSettings = {
				ALWAYS_SEARCH_USER_PATHS = NO;
				CLANG_ANALYZER_NONNULL = YES;
				CLANG_CXX_LANGUAGE_STANDARD = "gnu++0x";
				CLANG_CXX_LIBRARY = "libc++";
				CLANG_ENABLE_MODULES = YES;
				CLANG_ENABLE_OBJC_ARC = YES;
				CLANG_WARN_BOOL_CONVERSION = YES;
				CLANG_WARN_CONSTANT_CONVERSION = YES;
				CLANG_WARN_DIRECT_OBJC_ISA_USAGE = YES_ERROR;
				CLANG_WARN_EMPTY_BODY = YES;
				CLANG_WARN_ENUM_CONVERSION = YES;
				CLANG_WARN_INT_CONVERSION = YES;
				CLANG_WARN_OBJC_ROOT_CLASS = YES_ERROR;
				CLANG_WARN_UNREACHABLE_CODE = YES;
				CLANG_WARN__DUPLICATE_METHOD_MATCH = YES;
				"CODE_SIGN_IDENTITY[sdk=iphoneos*]" = "iPhone Developer";
				COPY_PHASE_STRIP = NO;
				DEBUG_INFORMATION_FORMAT = dwarf;
				ENABLE_STRICT_OBJC_MSGSEND = YES;
				ENABLE_TESTABILITY = YES;
				GCC_C_LANGUAGE_STANDARD = gnu99;
				GCC_DYNAMIC_NO_PIC = NO;
				GCC_NO_COMMON_BLOCKS = YES;
				GCC_OPTIMIZATION_LEVEL = 0;
				GCC_PREPROCESSOR_DEFINITIONS = (
					"DEBUG=1",
					"$(inherited)",
				);
				GCC_WARN_64_TO_32_BIT_CONVERSION = YES;
				GCC_WARN_ABOUT_RETURN_TYPE = YES_ERROR;
				GCC_WARN_UNDECLARED_SELECTOR = YES;
				GCC_WARN_UNINITIALIZED_AUTOS = YES_AGGRESSIVE;
				GCC_WARN_UNUSED_FUNCTION = YES;
				GCC_WARN_UNUSED_VARIABLE = YES;
				IPHONEOS_DEPLOYMENT_TARGET = 9.3;
				MTL_ENABLE_DEBUG_INFO = YES;
				ONLY_ACTIVE_ARCH = YES;
				SDKROOT = iphoneos;
				TARGETED_DEVICE_FAMILY = "1,2";
			};
			name = Debug;
		};
		263CBC201D2E62B200AEB3A3 /* Release */ = {
			isa = XCBuildConfiguration;
			buildSettings = {
				ALWAYS_SEARCH_USER_PATHS = NO;
				CLANG_ANALYZER_NONNULL = YES;
				CLANG_CXX_LANGUAGE_STANDARD = "gnu++0x";
				CLANG_CXX_LIBRARY = "libc++";
				CLANG_ENABLE_MODULES = YES;
				CLANG_ENABLE_OBJC_ARC = YES;
				CLANG_WARN_BOOL_CONVERSION = YES;
				CLANG_WARN_CONSTANT_CONVERSION = YES;
				CLANG_WARN_DIRECT_OBJC_ISA_USAGE = YES_ERROR;
				CLANG_WARN_EMPTY_BODY = YES;
				CLANG_WARN_ENUM_CONVERSION = YES;
				CLANG_WARN_INT_CONVERSION = YES;
				CLANG_WARN_OBJC_ROOT_CLASS = YES_ERROR;
				CLANG_WARN_UNREACHABLE_CODE = YES;
				CLANG_WARN__DUPLICATE_METHOD_MATCH = YES;
				"CODE_SIGN_IDENTITY[sdk=iphoneos*]" = "iPhone Developer";
				COPY_PHASE_STRIP = NO;
				DEBUG_INFORMATION_FORMAT = "dwarf-with-dsym";
				ENABLE_NS_ASSERTIONS = NO;
				ENABLE_STRICT_OBJC_MSGSEND = YES;
				GCC_C_LANGUAGE_STANDARD = gnu99;
				GCC_NO_COMMON_BLOCKS = YES;
				GCC_WARN_64_TO_32_BIT_CONVERSION = YES;
				GCC_WARN_ABOUT_RETURN_TYPE = YES_ERROR;
				GCC_WARN_UNDECLARED_SELECTOR = YES;
				GCC_WARN_UNINITIALIZED_AUTOS = YES_AGGRESSIVE;
				GCC_WARN_UNUSED_FUNCTION = YES;
				GCC_WARN_UNUSED_VARIABLE = YES;
				IPHONEOS_DEPLOYMENT_TARGET = 9.3;
				MTL_ENABLE_DEBUG_INFO = NO;
				SDKROOT = iphoneos;
				TARGETED_DEVICE_FAMILY = "1,2";
				VALIDATE_PRODUCT = YES;
			};
			name = Release;
		};
		263CBC221D2E62B200AEB3A3 /* Debug */ = {
			isa = XCBuildConfiguration;
			baseConfigurationReference = 994779ABB72AE2119AE3498B /* Pods-PP.debug.xcconfig */;
			buildSettings = {
				ASSETCATALOG_COMPILER_APPICON_NAME = AppIcon;
				ENABLE_BITCODE = NO;
				INFOPLIST_FILE = PP/Other/Info.plist;
				LD_RUNPATH_SEARCH_PATHS = "$(inherited) @executable_path/Frameworks";
				ONLY_ACTIVE_ARCH = YES;
				PRODUCT_BUNDLE_IDENTIFIER = vn.isb.co.jp.pp.PP;
				PRODUCT_NAME = "$(TARGET_NAME)";
				SUPPORTED_PLATFORMS = "iphonesimulator iphoneos";
			};
			name = Debug;
		};
		263CBC231D2E62B200AEB3A3 /* Release */ = {
			isa = XCBuildConfiguration;
			baseConfigurationReference = 7719B105CDE9B51A0E56DAD7 /* Pods-PP.release.xcconfig */;
			buildSettings = {
				ASSETCATALOG_COMPILER_APPICON_NAME = AppIcon;
				DEBUG_INFORMATION_FORMAT = dwarf;
				ENABLE_BITCODE = NO;
				INFOPLIST_FILE = PP/Other/Info.plist;
				LD_RUNPATH_SEARCH_PATHS = "$(inherited) @executable_path/Frameworks";
				ONLY_ACTIVE_ARCH = YES;
				PRODUCT_BUNDLE_IDENTIFIER = vn.isb.co.jp.pp.PP;
				PRODUCT_NAME = "$(TARGET_NAME)";
				SUPPORTED_PLATFORMS = "iphonesimulator iphoneos";
			};
			name = Release;
		};
/* End XCBuildConfiguration section */

/* Begin XCConfigurationList section */
		263CBC051D2E62B200AEB3A3 /* Build configuration list for PBXProject "PP" */ = {
			isa = XCConfigurationList;
			buildConfigurations = (
				263CBC1F1D2E62B200AEB3A3 /* Debug */,
				263CBC201D2E62B200AEB3A3 /* Release */,
			);
			defaultConfigurationIsVisible = 0;
			defaultConfigurationName = Release;
		};
		263CBC211D2E62B200AEB3A3 /* Build configuration list for PBXNativeTarget "PP" */ = {
			isa = XCConfigurationList;
			buildConfigurations = (
				263CBC221D2E62B200AEB3A3 /* Debug */,
				263CBC231D2E62B200AEB3A3 /* Release */,
			);
			defaultConfigurationIsVisible = 0;
			defaultConfigurationName = Release;
		};
/* End XCConfigurationList section */
	};
	rootObject = 263CBC021D2E62B200AEB3A3 /* Project object */;
}
